// !$*UTF8*$!
{
	archiveVersion = 1;
	classes = {
	};
	objectVersion = 46;
	objects = {

/* Begin PBXBuildFile section */
		27A6832B1B3C3A9A00E20EBB /* Yolo.png in Resources */ = {isa = PBXBuildFile; fileRef = 27A6832A1B3C3A9A00E20EBB /* Yolo.png */; };
		27E512361B3AA2DA0041DB94 /* main.m in Sources */ = {isa = PBXBuildFile; fileRef = 27E512351B3AA2DA0041DB94 /* main.m */; };
		27E512391B3AA2DA0041DB94 /* AppDelegate.m in Sources */ = {isa = PBXBuildFile; fileRef = 27E512381B3AA2DA0041DB94 /* AppDelegate.m */; };
		27E5123C1B3AA2DA0041DB94 /* ViewController.m in Sources */ = {isa = PBXBuildFile; fileRef = 27E5123B1B3AA2DA0041DB94 /* ViewController.m */; };
		27E5123F1B3AA2DA0041DB94 /* Main.storyboard in Resources */ = {isa = PBXBuildFile; fileRef = 27E5123D1B3AA2DA0041DB94 /* Main.storyboard */; };
		27E512441B3AA2DA0041DB94 /* LaunchScreen.xib in Resources */ = {isa = PBXBuildFile; fileRef = 27E512421B3AA2DA0041DB94 /* LaunchScreen.xib */; };
		27E512501B3AA2DA0041DB94 /* randProjectTests.m in Sources */ = {isa = PBXBuildFile; fileRef = 27E5124F1B3AA2DA0041DB94 /* randProjectTests.m */; };
		27E5125B1B3AA2E90041DB94 /* EFAnimationViewController.m in Sources */ = {isa = PBXBuildFile; fileRef = 27E5125A1B3AA2E90041DB94 /* EFAnimationViewController.m */; };
		27E5125D1B3AA3950041DB94 /* Images.xcassets in Resources */ = {isa = PBXBuildFile; fileRef = 27E5125C1B3AA3950041DB94 /* Images.xcassets */; };
/* End PBXBuildFile section */

/* Begin PBXContainerItemProxy section */
		27E5124A1B3AA2DA0041DB94 /* PBXContainerItemProxy */ = {
			isa = PBXContainerItemProxy;
			containerPortal = 27E512281B3AA2DA0041DB94 /* Project object */;
			proxyType = 1;
			remoteGlobalIDString = 27E5122F1B3AA2DA0041DB94;
			remoteInfo = randProject;
		};
/* End PBXContainerItemProxy section */

/* Begin PBXFileReference section */
		27A6832A1B3C3A9A00E20EBB /* Yolo.png */ = {isa = PBXFileReference; lastKnownFileType = image.png; path = Yolo.png; sourceTree = "<group>"; };
		27E512301B3AA2DA0041DB94 /* randProject.app */ = {isa = PBXFileReference; explicitFileType = wrapper.application; includeInIndex = 0; path = randProject.app; sourceTree = BUILT_PRODUCTS_DIR; };
		27E512341B3AA2DA0041DB94 /* Info.plist */ = {isa = PBXFileReference; lastKnownFileType = text.plist.xml; path = Info.plist; sourceTree = "<group>"; };
		27E512351B3AA2DA0041DB94 /* main.m */ = {isa = PBXFileReference; lastKnownFileType = sourcecode.c.objc; path = main.m; sourceTree = "<group>"; };
		27E512371B3AA2DA0041DB94 /* AppDelegate.h */ = {isa = PBXFileReference; lastKnownFileType = sourcecode.c.h; path = AppDelegate.h; sourceTree = "<group>"; };
		27E512381B3AA2DA0041DB94 /* AppDelegate.m */ = {isa = PBXFileReference; lastKnownFileType = sourcecode.c.objc; path = AppDelegate.m; sourceTree = "<group>"; };
		27E5123A1B3AA2DA0041DB94 /* ViewController.h */ = {isa = PBXFileReference; lastKnownFileType = sourcecode.c.h; path = ViewController.h; sourceTree = "<group>"; };
		27E5123B1B3AA2DA0041DB94 /* ViewController.m */ = {isa = PBXFileReference; lastKnownFileType = sourcecode.c.objc; path = ViewController.m; sourceTree = "<group>"; };
		27E5123E1B3AA2DA0041DB94 /* Base */ = {isa = PBXFileReference; lastKnownFileType = file.storyboard; name = Base; path = Base.lproj/Main.storyboard; sourceTree = "<group>"; };
		27E512431B3AA2DA0041DB94 /* Base */ = {isa = PBXFileReference; lastKnownFileType = file.xib; name = Base; path = Base.lproj/LaunchScreen.xib; sourceTree = "<group>"; };
		27E512491B3AA2DA0041DB94 /* randProjectTests.xctest */ = {isa = PBXFileReference; explicitFileType = wrapper.cfbundle; includeInIndex = 0; path = randProjectTests.xctest; sourceTree = BUILT_PRODUCTS_DIR; };
		27E5124E1B3AA2DA0041DB94 /* Info.plist */ = {isa = PBXFileReference; lastKnownFileType = text.plist.xml; path = Info.plist; sourceTree = "<group>"; };
		27E5124F1B3AA2DA0041DB94 /* randProjectTests.m */ = {isa = PBXFileReference; lastKnownFileType = sourcecode.c.objc; path = randProjectTests.m; sourceTree = "<group>"; };
		27E512591B3AA2E90041DB94 /* EFAnimationViewController.h */ = {isa = PBXFileReference; fileEncoding = 4; lastKnownFileType = sourcecode.c.h; path = EFAnimationViewController.h; sourceTree = "<group>"; };
		27E5125A1B3AA2E90041DB94 /* EFAnimationViewController.m */ = {isa = PBXFileReference; fileEncoding = 4; lastKnownFileType = sourcecode.c.objc; path = EFAnimationViewController.m; sourceTree = "<group>"; };
		27E5125C1B3AA3950041DB94 /* Images.xcassets */ = {isa = PBXFileReference; lastKnownFileType = folder.assetcatalog; path = Images.xcassets; sourceTree = "<group>"; };
/* End PBXFileReference section */

/* Begin PBXFrameworksBuildPhase section */
		27E5122D1B3AA2DA0041DB94 /* Frameworks */ = {
			isa = PBXFrameworksBuildPhase;
			buildActionMask = 2147483647;
			files = (
			);
			runOnlyForDeploymentPostprocessing = 0;
		};
		27E512461B3AA2DA0041DB94 /* Frameworks */ = {
			isa = PBXFrameworksBuildPhase;
			buildActionMask = 2147483647;
			files = (
			);
			runOnlyForDeploymentPostprocessing = 0;
		};
/* End PBXFrameworksBuildPhase section */

/* Begin PBXGroup section */
		27E512271B3AA2DA0041DB94 = {
			isa = PBXGroup;
			children = (
				27E512321B3AA2DA0041DB94 /* randProject */,
				27E5124C1B3AA2DA0041DB94 /* randProjectTests */,
				27E512311B3AA2DA0041DB94 /* Products */,
			);
			sourceTree = "<group>";
		};
		27E512311B3AA2DA0041DB94 /* Products */ = {
			isa = PBXGroup;
			children = (
				27E512301B3AA2DA0041DB94 /* randProject.app */,
				27E512491B3AA2DA0041DB94 /* randProjectTests.xctest */,
			);
			name = Products;
			sourceTree = "<group>";
		};
		27E512321B3AA2DA0041DB94 /* randProject */ = {
			isa = PBXGroup;
			children = (
				27E512371B3AA2DA0041DB94 /* AppDelegate.h */,
				27E512381B3AA2DA0041DB94 /* AppDelegate.m */,
				27E5123A1B3AA2DA0041DB94 /* ViewController.h */,
				27E5123B1B3AA2DA0041DB94 /* ViewController.m */,
				27E512591B3AA2E90041DB94 /* EFAnimationViewController.h */,
				27E5125A1B3AA2E90041DB94 /* EFAnimationViewController.m */,
				27E5123D1B3AA2DA0041DB94 /* Main.storyboard */,
				27E5125C1B3AA3950041DB94 /* Images.xcassets */,
				27A6832A1B3C3A9A00E20EBB /* Yolo.png */,
				27E512421B3AA2DA0041DB94 /* LaunchScreen.xib */,
				27E512331B3AA2DA0041DB94 /* Supporting Files */,
			);
			path = randProject;
			sourceTree = "<group>";
		};
		27E512331B3AA2DA0041DB94 /* Supporting Files */ = {
			isa = PBXGroup;
			children = (
				27E512341B3AA2DA0041DB94 /* Info.plist */,
				27E512351B3AA2DA0041DB94 /* main.m */,
			);
			name = "Supporting Files";
			sourceTree = "<group>";
		};
		27E5124C1B3AA2DA0041DB94 /* randProjectTests */ = {
			isa = PBXGroup;
			children = (
				27E5124F1B3AA2DA0041DB94 /* randProjectTests.m */,
				27E5124D1B3AA2DA0041DB94 /* Supporting Files */,
			);
			path = randProjectTests;
			sourceTree = "<group>";
		};
		27E5124D1B3AA2DA0041DB94 /* Supporting Files */ = {
			isa = PBXGroup;
			children = (
				27E5124E1B3AA2DA0041DB94 /* Info.plist */,
			);
			name = "Supporting Files";
			sourceTree = "<group>";
		};
/* End PBXGroup section */

/* Begin PBXNativeTarget section */
		27E5122F1B3AA2DA0041DB94 /* randProject */ = {
			isa = PBXNativeTarget;
			buildConfigurationList = 27E512531B3AA2DA0041DB94 /* Build configuration list for PBXNativeTarget "randProject" */;
			buildPhases = (
				27E5122C1B3AA2DA0041DB94 /* Sources */,
				27E5122D1B3AA2DA0041DB94 /* Frameworks */,
				27E5122E1B3AA2DA0041DB94 /* Resources */,
			);
			buildRules = (
			);
			dependencies = (
			);
			name = randProject;
			productName = randProject;
			productReference = 27E512301B3AA2DA0041DB94 /* randProject.app */;
			productType = "com.apple.product-type.application";
		};
		27E512481B3AA2DA0041DB94 /* randProjectTests */ = {
			isa = PBXNativeTarget;
			buildConfigurationList = 27E512561B3AA2DA0041DB94 /* Build configuration list for PBXNativeTarget "randProjectTests" */;
			buildPhases = (
				27E512451B3AA2DA0041DB94 /* Sources */,
				27E512461B3AA2DA0041DB94 /* Frameworks */,
				27E512471B3AA2DA0041DB94 /* Resources */,
			);
			buildRules = (
			);
			dependencies = (
				27E5124B1B3AA2DA0041DB94 /* PBXTargetDependency */,
			);
			name = randProjectTests;
			productName = randProjectTests;
			productReference = 27E512491B3AA2DA0041DB94 /* randProjectTests.xctest */;
			productType = "com.apple.product-type.bundle.unit-test";
		};
/* End PBXNativeTarget section */

/* Begin PBXProject section */
		27E512281B3AA2DA0041DB94 /* Project object */ = {
			isa = PBXProject;
			attributes = {
				LastUpgradeCheck = 0630;
				ORGANIZATIONNAME = Andrei;
				TargetAttributes = {
					27E5122F1B3AA2DA0041DB94 = {
						CreatedOnToolsVersion = 6.3.2;
					};
					27E512481B3AA2DA0041DB94 = {
						CreatedOnToolsVersion = 6.3.2;
						TestTargetID = 27E5122F1B3AA2DA0041DB94;
					};
				};
			};
			buildConfigurationList = 27E5122B1B3AA2DA0041DB94 /* Build configuration list for PBXProject "randProject" */;
			compatibilityVersion = "Xcode 3.2";
			developmentRegion = English;
			hasScannedForEncodings = 0;
			knownRegions = (
				en,
				Base,
			);
			mainGroup = 27E512271B3AA2DA0041DB94;
			productRefGroup = 27E512311B3AA2DA0041DB94 /* Products */;
			projectDirPath = "";
			projectRoot = "";
			targets = (
				27E5122F1B3AA2DA0041DB94 /* randProject */,
				27E512481B3AA2DA0041DB94 /* randProjectTests */,
			);
		};
/* End PBXProject section */

/* Begin PBXResourcesBuildPhase section */
		27E5122E1B3AA2DA0041DB94 /* Resources */ = {
			isa = PBXResourcesBuildPhase;
			buildActionMask = 2147483647;
			files = (
				27E5125D1B3AA3950041DB94 /* Images.xcassets in Resources */,
				27E5123F1B3AA2DA0041DB94 /* Main.storyboard in Resources */,
				27A6832B1B3C3A9A00E20EBB /* Yolo.png in Resources */,
				27E512441B3AA2DA0041DB94 /* LaunchScreen.xib in Resources */,
			);
			runOnlyForDeploymentPostprocessing = 0;
		};
		27E512471B3AA2DA0041DB94 /* Resources */ = {
			isa = PBXResourcesBuildPhase;
			buildActionMask = 2147483647;
			files = (
			);
			runOnlyForDeploymentPostprocessing = 0;
		};
/* End PBXResourcesBuildPhase section */

/* Begin PBXSourcesBuildPhase section */
		27E5122C1B3AA2DA0041DB94 /* Sources */ = {
			isa = PBXSourcesBuildPhase;
			buildActionMask = 2147483647;
			files = (
				27E5125B1B3AA2E90041DB94 /* EFAnimationViewController.m in Sources */,
				27E5123C1B3AA2DA0041DB94 /* ViewController.m in Sources */,
				27E512391B3AA2DA0041DB94 /* AppDelegate.m in Sources */,
				27E512361B3AA2DA0041DB94 /* main.m in Sources */,
			);
			runOnlyForDeploymentPostprocessing = 0;
		};
		27E512451B3AA2DA0041DB94 /* Sources */ = {
			isa = PBXSourcesBuildPhase;
			buildActionMask = 2147483647;
			files = (
				27E512501B3AA2DA0041DB94 /* randProjectTests.m in Sources */,
			);
			runOnlyForDeploymentPostprocessing = 0;
		};
/* End PBXSourcesBuildPhase section */

/* Begin PBXTargetDependency section */
		27E5124B1B3AA2DA0041DB94 /* PBXTargetDependency */ = {
			isa = PBXTargetDependency;
			target = 27E5122F1B3AA2DA0041DB94 /* randProject */;
			targetProxy = 27E5124A1B3AA2DA0041DB94 /* PBXContainerItemProxy */;
		};
/* End PBXTargetDependency section */

/* Begin PBXVariantGroup section */
		27E5123D1B3AA2DA0041DB94 /* Main.storyboard */ = {
			isa = PBXVariantGroup;
			children = (
				27E5123E1B3AA2DA0041DB94 /* Base */,
			);
			name = Main.storyboard;
			sourceTree = "<group>";
		};
		27E512421B3AA2DA0041DB94 /* LaunchScreen.xib */ = {
			isa = PBXVariantGroup;
			children = (
				27E512431B3AA2DA0041DB94 /* Base */,
			);
			name = LaunchScreen.xib;
			sourceTree = "<group>";
		};
/* End PBXVariantGroup section */

/* Begin XCBuildConfiguration section */
		27E512511B3AA2DA0041DB94 /* Debug */ = {
			isa = XCBuildConfiguration;
			buildSettings = {
				ALWAYS_SEARCH_USER_PATHS = NO;
				CLANG_CXX_LANGUAGE_STANDARD = "gnu++0x";
				CLANG_CXX_LIBRARY = "libc++";
				CLANG_ENABLE_MODULES = YES;
				CLANG_ENABLE_OBJC_ARC = YES;
				CLANG_WARN_BOOL_CONVERSION = YES;
				CLANG_WARN_CONSTANT_CONVERSION = YES;
				CLANG_WARN_DIRECT_OBJC_ISA_USAGE = YES_ERROR;
				CLANG_WARN_EMPTY_BODY = YES;
				CLANG_WARN_ENUM_CONVERSION = YES;
				CLANG_WARN_INT_CONVERSION = YES;
				CLANG_WARN_OBJC_ROOT_CLASS = YES_ERROR;
				CLANG_WARN_UNREACHABLE_CODE = YES;
				CLANG_WARN__DUPLICATE_METHOD_MATCH = YES;
				"CODE_SIGN_IDENTITY[sdk=iphoneos*]" = "iPhone Developer";
				COPY_PHASE_STRIP = NO;
				DEBUG_INFORMATION_FORMAT = "dwarf-with-dsym";
				ENABLE_STRICT_OBJC_MSGSEND = YES;
				GCC_C_LANGUAGE_STANDARD = gnu99;
				GCC_DYNAMIC_NO_PIC = NO;
				GCC_NO_COMMON_BLOCKS = YES;
				GCC_OPTIMIZATION_LEVEL = 0;
				GCC_PREPROCESSOR_DEFINITIONS = (
					"DEBUG=1",
					"$(inherited)",
				);
				GCC_SYMBOLS_PRIVATE_EXTERN = NO;
				GCC_WARN_64_TO_32_BIT_CONVERSION = YES;
				GCC_WARN_ABOUT_RETURN_TYPE = YES_ERROR;
				GCC_WARN_UNDECLARED_SELECTOR = YES;
				GCC_WARN_UNINITIALIZED_AUTOS = YES_AGGRESSIVE;
				GCC_WARN_UNUSED_FUNCTION = YES;
				GCC_WARN_UNUSED_VARIABLE = YES;
				IPHONEOS_DEPLOYMENT_TARGET = 8.3;
				MTL_ENABLE_DEBUG_INFO = YES;
				ONLY_ACTIVE_ARCH = YES;
				SDKROOT = iphoneos;
			};
			name = Debug;
		};
		27E512521B3AA2DA0041DB94 /* Release */ = {
			isa = XCBuildConfiguration;
			buildSettings = {
				ALWAYS_SEARCH_USER_PATHS = NO;
				CLANG_CXX_LANGUAGE_STANDARD = "gnu++0x";
				CLANG_CXX_LIBRARY = "libc++";
				CLANG_ENABLE_MODULES = YES;
				CLANG_ENABLE_OBJC_ARC = YES;
				CLANG_WARN_BOOL_CONVERSION = YES;
				CLANG_WARN_CONSTANT_CONVERSION = YES;
				CLANG_WARN_DIRECT_OBJC_ISA_USAGE = YES_ERROR;
				CLANG_WARN_EMPTY_BODY = YES;
				CLANG_WARN_ENUM_CONVERSION = YES;
				CLANG_WARN_INT_CONVERSION = YES;
				CLANG_WARN_OBJC_ROOT_CLASS = YES_ERROR;
				CLANG_WARN_UNREACHABLE_CODE = YES;
				CLANG_WARN__DUPLICATE_METHOD_MATCH = YES;
				"CODE_SIGN_IDENTITY[sdk=iphoneos*]" = "iPhone Developer";
				COPY_PHASE_STRIP = NO;
				DEBUG_INFORMATION_FORMAT = "dwarf-with-dsym";
				ENABLE_NS_ASSERTIONS = NO;
				ENABLE_STRICT_OBJC_MSGSEND = YES;
				GCC_C_LANGUAGE_STANDARD = gnu99;
				GCC_NO_COMMON_BLOCKS = YES;
				GCC_WARN_64_TO_32_BIT_CONVERSION = YES;
				GCC_WARN_ABOUT_RETURN_TYPE = YES_ERROR;
				GCC_WARN_UNDECLARED_SELECTOR = YES;
				GCC_WARN_UNINITIALIZED_AUTOS = YES_AGGRESSIVE;
				GCC_WARN_UNUSED_FUNCTION = YES;
				GCC_WARN_UNUSED_VARIABLE = YES;
				IPHONEOS_DEPLOYMENT_TARGET = 8.3;
				MTL_ENABLE_DEBUG_INFO = NO;
				SDKROOT = iphoneos;
				VALIDATE_PRODUCT = YES;
			};
			name = Release;
		};
		27E512541B3AA2DA0041DB94 /* Debug */ = {
			isa = XCBuildConfiguration;
			buildSettings = {
				ASSETCATALOG_COMPILER_APPICON_NAME = AppIcon;
				INFOPLIST_FILE = randProject/Info.plist;
				LD_RUNPATH_SEARCH_PATHS = "$(inherited) @executable_path/Frameworks";
				PRODUCT_NAME = "$(TARGET_NAME)";
			};
			name = Debug;
		};
		27E512551B3AA2DA0041DB94 /* Release */ = {
			isa = XCBuildConfiguration;
			buildSettings = {
				ASSETCATALOG_COMPILER_APPICON_NAME = AppIcon;
				INFOPLIST_FILE = randProject/Info.plist;
				LD_RUNPATH_SEARCH_PATHS = "$(inherited) @executable_path/Frameworks";
				PRODUCT_NAME = "$(TARGET_NAME)";
			};
			name = Release;
		};
		27E512571B3AA2DA0041DB94 /* Debug */ = {
			isa = XCBuildConfiguration;
			buildSettings = {
				BUNDLE_LOADER = "$(TEST_HOST)";
				FRAMEWORK_SEARCH_PATHS = (
					"$(SDKROOT)/Developer/Library/Frameworks",
					"$(inherited)",
				);
				GCC_PREPROCESSOR_DEFINITIONS = (
					"DEBUG=1",
					"$(inherited)",
				);
				INFOPLIST_FILE = randProjectTests/Info.plist;
				LD_RUNPATH_SEARCH_PATHS = "$(inherited) @executable_path/Frameworks @loader_path/Frameworks";
				PRODUCT_NAME = "$(TARGET_NAME)";
				TEST_HOST = "$(BUILT_PRODUCTS_DIR)/randProject.app/randProject";
			};
			name = Debug;
		};
		27E512581B3AA2DA0041DB94 /* Release */ = {
			isa = XCBuildConfiguration;
			buildSettings = {
				BUNDLE_LOADER = "$(TEST_HOST)";
				FRAMEWORK_SEARCH_PATHS = (
					"$(SDKROOT)/Developer/Library/Frameworks",
					"$(inherited)",
				);
				INFOPLIST_FILE = randProjectTests/Info.plist;
				LD_RUNPATH_SEARCH_PATHS = "$(inherited) @executable_path/Frameworks @loader_path/Frameworks";
				PRODUCT_NAME = "$(TARGET_NAME)";
				TEST_HOST = "$(BUILT_PRODUCTS_DIR)/randProject.app/randProject";
			};
			name = Release;
		};
/* End XCBuildConfiguration section */

/* Begin XCConfigurationList section */
		27E5122B1B3AA2DA0041DB94 /* Build configuration list for PBXProject "randProject" */ = {
			isa = XCConfigurationList;
			buildConfigurations = (
				27E512511B3AA2DA0041DB94 /* Debug */,
				27E512521B3AA2DA0041DB94 /* Release */,
			);
			defaultConfigurationIsVisible = 0;
			defaultConfigurationName = Release;
		};
		27E512531B3AA2DA0041DB94 /* Build configuration list for PBXNativeTarget "randProject" */ = {
			isa = XCConfigurationList;
			buildConfigurations = (
				27E512541B3AA2DA0041DB94 /* Debug */,
				27E512551B3AA2DA0041DB94 /* Release */,
			);
			defaultConfigurationIsVisible = 0;
			defaultConfigurationName = Release;
		};
		27E512561B3AA2DA0041DB94 /* Build configuration list for PBXNativeTarget "randProjectTests" */ = {
			isa = XCConfigurationList;
			buildConfigurations = (
				27E512571B3AA2DA0041DB94 /* Debug */,
				27E512581B3AA2DA0041DB94 /* Release */,
			);
			defaultConfigurationIsVisible = 0;
			defaultConfigurationName = Release;
		};
/* End XCConfigurationList section */
	};
	rootObject = 27E512281B3AA2DA0041DB94 /* Project object */;
}
