// !$*UTF8*$!
{
	archiveVersion = 1;
	classes = {
	};
	objectVersion = 46;
	objects = {

/* Begin PBXBuildFile section */
		271327181B7EE34300FAF6CC /* main.m in Sources */ = {isa = PBXBuildFile; fileRef = 271327171B7EE34300FAF6CC /* main.m */; };
		2713271B1B7EE34300FAF6CC /* AppDelegate.m in Sources */ = {isa = PBXBuildFile; fileRef = 2713271A1B7EE34300FAF6CC /* AppDelegate.m */; };
		2713271E1B7EE34300FAF6CC /* ViewController.m in Sources */ = {isa = PBXBuildFile; fileRef = 2713271D1B7EE34300FAF6CC /* ViewController.m */; };
		271327211B7EE34300FAF6CC /* Main.storyboard in Resources */ = {isa = PBXBuildFile; fileRef = 2713271F1B7EE34300FAF6CC /* Main.storyboard */; };
		271327231B7EE34300FAF6CC /* Images.xcassets in Resources */ = {isa = PBXBuildFile; fileRef = 271327221B7EE34300FAF6CC /* Images.xcassets */; };
		271327261B7EE34300FAF6CC /* LaunchScreen.xib in Resources */ = {isa = PBXBuildFile; fileRef = 271327241B7EE34300FAF6CC /* LaunchScreen.xib */; };
		271327321B7EE34300FAF6CC /* design_codeTests.m in Sources */ = {isa = PBXBuildFile; fileRef = 271327311B7EE34300FAF6CC /* design_codeTests.m */; };
/* End PBXBuildFile section */

/* Begin PBXContainerItemProxy section */
		2713272C1B7EE34300FAF6CC /* PBXContainerItemProxy */ = {
			isa = PBXContainerItemProxy;
			containerPortal = 2713270A1B7EE34300FAF6CC /* Project object */;
			proxyType = 1;
			remoteGlobalIDString = 271327111B7EE34300FAF6CC;
			remoteInfo = "design+code";
		};
/* End PBXContainerItemProxy section */

/* Begin PBXFileReference section */
		271327121B7EE34300FAF6CC /* design+code.app */ = {isa = PBXFileReference; explicitFileType = wrapper.application; includeInIndex = 0; path = "design+code.app"; sourceTree = BUILT_PRODUCTS_DIR; };
		271327161B7EE34300FAF6CC /* Info.plist */ = {isa = PBXFileReference; lastKnownFileType = text.plist.xml; path = Info.plist; sourceTree = "<group>"; };
		271327171B7EE34300FAF6CC /* main.m */ = {isa = PBXFileReference; lastKnownFileType = sourcecode.c.objc; path = main.m; sourceTree = "<group>"; };
		271327191B7EE34300FAF6CC /* AppDelegate.h */ = {isa = PBXFileReference; lastKnownFileType = sourcecode.c.h; path = AppDelegate.h; sourceTree = "<group>"; };
		2713271A1B7EE34300FAF6CC /* AppDelegate.m */ = {isa = PBXFileReference; lastKnownFileType = sourcecode.c.objc; path = AppDelegate.m; sourceTree = "<group>"; };
		2713271C1B7EE34300FAF6CC /* ViewController.h */ = {isa = PBXFileReference; lastKnownFileType = sourcecode.c.h; path = ViewController.h; sourceTree = "<group>"; };
		2713271D1B7EE34300FAF6CC /* ViewController.m */ = {isa = PBXFileReference; lastKnownFileType = sourcecode.c.objc; path = ViewController.m; sourceTree = "<group>"; };
		271327201B7EE34300FAF6CC /* Base */ = {isa = PBXFileReference; lastKnownFileType = file.storyboard; name = Base; path = Base.lproj/Main.storyboard; sourceTree = "<group>"; };
		271327221B7EE34300FAF6CC /* Images.xcassets */ = {isa = PBXFileReference; lastKnownFileType = folder.assetcatalog; path = Images.xcassets; sourceTree = "<group>"; };
		271327251B7EE34300FAF6CC /* Base */ = {isa = PBXFileReference; lastKnownFileType = file.xib; name = Base; path = Base.lproj/LaunchScreen.xib; sourceTree = "<group>"; };
		2713272B1B7EE34300FAF6CC /* design+codeTests.xctest */ = {isa = PBXFileReference; explicitFileType = wrapper.cfbundle; includeInIndex = 0; path = "design+codeTests.xctest"; sourceTree = BUILT_PRODUCTS_DIR; };
		271327301B7EE34300FAF6CC /* Info.plist */ = {isa = PBXFileReference; lastKnownFileType = text.plist.xml; path = Info.plist; sourceTree = "<group>"; };
		271327311B7EE34300FAF6CC /* design_codeTests.m */ = {isa = PBXFileReference; lastKnownFileType = sourcecode.c.objc; path = design_codeTests.m; sourceTree = "<group>"; };
/* End PBXFileReference section */

/* Begin PBXFrameworksBuildPhase section */
		2713270F1B7EE34300FAF6CC /* Frameworks */ = {
			isa = PBXFrameworksBuildPhase;
			buildActionMask = 2147483647;
			files = (
			);
			runOnlyForDeploymentPostprocessing = 0;
		};
		271327281B7EE34300FAF6CC /* Frameworks */ = {
			isa = PBXFrameworksBuildPhase;
			buildActionMask = 2147483647;
			files = (
			);
			runOnlyForDeploymentPostprocessing = 0;
		};
/* End PBXFrameworksBuildPhase section */

/* Begin PBXGroup section */
		271327091B7EE34300FAF6CC = {
			isa = PBXGroup;
			children = (
				271327141B7EE34300FAF6CC /* design+code */,
				2713272E1B7EE34300FAF6CC /* design+codeTests */,
				271327131B7EE34300FAF6CC /* Products */,
			);
			sourceTree = "<group>";
		};
		271327131B7EE34300FAF6CC /* Products */ = {
			isa = PBXGroup;
			children = (
				271327121B7EE34300FAF6CC /* design+code.app */,
				2713272B1B7EE34300FAF6CC /* design+codeTests.xctest */,
			);
			name = Products;
			sourceTree = "<group>";
		};
		271327141B7EE34300FAF6CC /* design+code */ = {
			isa = PBXGroup;
			children = (
				271327191B7EE34300FAF6CC /* AppDelegate.h */,
				2713271A1B7EE34300FAF6CC /* AppDelegate.m */,
				2713271C1B7EE34300FAF6CC /* ViewController.h */,
				2713271D1B7EE34300FAF6CC /* ViewController.m */,
				2713271F1B7EE34300FAF6CC /* Main.storyboard */,
				271327221B7EE34300FAF6CC /* Images.xcassets */,
				271327241B7EE34300FAF6CC /* LaunchScreen.xib */,
				271327151B7EE34300FAF6CC /* Supporting Files */,
			);
			path = "design+code";
			sourceTree = "<group>";
		};
		271327151B7EE34300FAF6CC /* Supporting Files */ = {
			isa = PBXGroup;
			children = (
				271327161B7EE34300FAF6CC /* Info.plist */,
				271327171B7EE34300FAF6CC /* main.m */,
			);
			name = "Supporting Files";
			sourceTree = "<group>";
		};
		2713272E1B7EE34300FAF6CC /* design+codeTests */ = {
			isa = PBXGroup;
			children = (
				271327311B7EE34300FAF6CC /* design_codeTests.m */,
				2713272F1B7EE34300FAF6CC /* Supporting Files */,
			);
			path = "design+codeTests";
			sourceTree = "<group>";
		};
		2713272F1B7EE34300FAF6CC /* Supporting Files */ = {
			isa = PBXGroup;
			children = (
				271327301B7EE34300FAF6CC /* Info.plist */,
			);
			name = "Supporting Files";
			sourceTree = "<group>";
		};
/* End PBXGroup section */

/* Begin PBXNativeTarget section */
		271327111B7EE34300FAF6CC /* design+code */ = {
			isa = PBXNativeTarget;
			buildConfigurationList = 271327351B7EE34300FAF6CC /* Build configuration list for PBXNativeTarget "design+code" */;
			buildPhases = (
				2713270E1B7EE34300FAF6CC /* Sources */,
				2713270F1B7EE34300FAF6CC /* Frameworks */,
				271327101B7EE34300FAF6CC /* Resources */,
			);
			buildRules = (
			);
			dependencies = (
			);
			name = "design+code";
			productName = "design+code";
			productReference = 271327121B7EE34300FAF6CC /* design+code.app */;
			productType = "com.apple.product-type.application";
		};
		2713272A1B7EE34300FAF6CC /* design+codeTests */ = {
			isa = PBXNativeTarget;
			buildConfigurationList = 271327381B7EE34300FAF6CC /* Build configuration list for PBXNativeTarget "design+codeTests" */;
			buildPhases = (
				271327271B7EE34300FAF6CC /* Sources */,
				271327281B7EE34300FAF6CC /* Frameworks */,
				271327291B7EE34300FAF6CC /* Resources */,
			);
			buildRules = (
			);
			dependencies = (
				2713272D1B7EE34300FAF6CC /* PBXTargetDependency */,
			);
			name = "design+codeTests";
			productName = "design+codeTests";
			productReference = 2713272B1B7EE34300FAF6CC /* design+codeTests.xctest */;
			productType = "com.apple.product-type.bundle.unit-test";
		};
/* End PBXNativeTarget section */

/* Begin PBXProject section */
		2713270A1B7EE34300FAF6CC /* Project object */ = {
			isa = PBXProject;
			attributes = {
				LastUpgradeCheck = 0640;
				ORGANIZATIONNAME = Andrei;
				TargetAttributes = {
					271327111B7EE34300FAF6CC = {
						CreatedOnToolsVersion = 6.4;
					};
					2713272A1B7EE34300FAF6CC = {
						CreatedOnToolsVersion = 6.4;
						TestTargetID = 271327111B7EE34300FAF6CC;
					};
				};
			};
			buildConfigurationList = 2713270D1B7EE34300FAF6CC /* Build configuration list for PBXProject "design+code" */;
			compatibilityVersion = "Xcode 3.2";
			developmentRegion = English;
			hasScannedForEncodings = 0;
			knownRegions = (
				en,
				Base,
			);
			mainGroup = 271327091B7EE34300FAF6CC;
			productRefGroup = 271327131B7EE34300FAF6CC /* Products */;
			projectDirPath = "";
			projectRoot = "";
			targets = (
				271327111B7EE34300FAF6CC /* design+code */,
				2713272A1B7EE34300FAF6CC /* design+codeTests */,
			);
		};
/* End PBXProject section */

/* Begin PBXResourcesBuildPhase section */
		271327101B7EE34300FAF6CC /* Resources */ = {
			isa = PBXResourcesBuildPhase;
			buildActionMask = 2147483647;
			files = (
				271327211B7EE34300FAF6CC /* Main.storyboard in Resources */,
				271327261B7EE34300FAF6CC /* LaunchScreen.xib in Resources */,
				271327231B7EE34300FAF6CC /* Images.xcassets in Resources */,
			);
			runOnlyForDeploymentPostprocessing = 0;
		};
		271327291B7EE34300FAF6CC /* Resources */ = {
			isa = PBXResourcesBuildPhase;
			buildActionMask = 2147483647;
			files = (
			);
			runOnlyForDeploymentPostprocessing = 0;
		};
/* End PBXResourcesBuildPhase section */

/* Begin PBXSourcesBuildPhase section */
		2713270E1B7EE34300FAF6CC /* Sources */ = {
			isa = PBXSourcesBuildPhase;
			buildActionMask = 2147483647;
			files = (
				2713271E1B7EE34300FAF6CC /* ViewController.m in Sources */,
				2713271B1B7EE34300FAF6CC /* AppDelegate.m in Sources */,
				271327181B7EE34300FAF6CC /* main.m in Sources */,
			);
			runOnlyForDeploymentPostprocessing = 0;
		};
		271327271B7EE34300FAF6CC /* Sources */ = {
			isa = PBXSourcesBuildPhase;
			buildActionMask = 2147483647;
			files = (
				271327321B7EE34300FAF6CC /* design_codeTests.m in Sources */,
			);
			runOnlyForDeploymentPostprocessing = 0;
		};
/* End PBXSourcesBuildPhase section */

/* Begin PBXTargetDependency section */
		2713272D1B7EE34300FAF6CC /* PBXTargetDependency */ = {
			isa = PBXTargetDependency;
			target = 271327111B7EE34300FAF6CC /* design+code */;
			targetProxy = 2713272C1B7EE34300FAF6CC /* PBXContainerItemProxy */;
		};
/* End PBXTargetDependency section */

/* Begin PBXVariantGroup section */
		2713271F1B7EE34300FAF6CC /* Main.storyboard */ = {
			isa = PBXVariantGroup;
			children = (
				271327201B7EE34300FAF6CC /* Base */,
			);
			name = Main.storyboard;
			sourceTree = "<group>";
		};
		271327241B7EE34300FAF6CC /* LaunchScreen.xib */ = {
			isa = PBXVariantGroup;
			children = (
				271327251B7EE34300FAF6CC /* Base */,
			);
			name = LaunchScreen.xib;
			sourceTree = "<group>";
		};
/* End PBXVariantGroup section */

/* Begin XCBuildConfiguration section */
		271327331B7EE34300FAF6CC /* Debug */ = {
			isa = XCBuildConfiguration;
			buildSettings = {
				ALWAYS_SEARCH_USER_PATHS = NO;
				CLANG_CXX_LANGUAGE_STANDARD = "gnu++0x";
				CLANG_CXX_LIBRARY = "libc++";
				CLANG_ENABLE_MODULES = YES;
				CLANG_ENABLE_OBJC_ARC = YES;
				CLANG_WARN_BOOL_CONVERSION = YES;
				CLANG_WARN_CONSTANT_CONVERSION = YES;
				CLANG_WARN_DIRECT_OBJC_ISA_USAGE = YES_ERROR;
				CLANG_WARN_EMPTY_BODY = YES;
				CLANG_WARN_ENUM_CONVERSION = YES;
				CLANG_WARN_INT_CONVERSION = YES;
				CLANG_WARN_OBJC_ROOT_CLASS = YES_ERROR;
				CLANG_WARN_UNREACHABLE_CODE = YES;
				CLANG_WARN__DUPLICATE_METHOD_MATCH = YES;
				"CODE_SIGN_IDENTITY[sdk=iphoneos*]" = "iPhone Developer";
				COPY_PHASE_STRIP = NO;
				DEBUG_INFORMATION_FORMAT = "dwarf-with-dsym";
				ENABLE_STRICT_OBJC_MSGSEND = YES;
				GCC_C_LANGUAGE_STANDARD = gnu99;
				GCC_DYNAMIC_NO_PIC = NO;
				GCC_NO_COMMON_BLOCKS = YES;
				GCC_OPTIMIZATION_LEVEL = 0;
				GCC_PREPROCESSOR_DEFINITIONS = (
					"DEBUG=1",
					"$(inherited)",
				);
				GCC_SYMBOLS_PRIVATE_EXTERN = NO;
				GCC_WARN_64_TO_32_BIT_CONVERSION = YES;
				GCC_WARN_ABOUT_RETURN_TYPE = YES_ERROR;
				GCC_WARN_UNDECLARED_SELECTOR = YES;
				GCC_WARN_UNINITIALIZED_AUTOS = YES_AGGRESSIVE;
				GCC_WARN_UNUSED_FUNCTION = YES;
				GCC_WARN_UNUSED_VARIABLE = YES;
				IPHONEOS_DEPLOYMENT_TARGET = 8.4;
				MTL_ENABLE_DEBUG_INFO = YES;
				ONLY_ACTIVE_ARCH = YES;
				SDKROOT = iphoneos;
			};
			name = Debug;
		};
		271327341B7EE34300FAF6CC /* Release */ = {
			isa = XCBuildConfiguration;
			buildSettings = {
				ALWAYS_SEARCH_USER_PATHS = NO;
				CLANG_CXX_LANGUAGE_STANDARD = "gnu++0x";
				CLANG_CXX_LIBRARY = "libc++";
				CLANG_ENABLE_MODULES = YES;
				CLANG_ENABLE_OBJC_ARC = YES;
				CLANG_WARN_BOOL_CONVERSION = YES;
				CLANG_WARN_CONSTANT_CONVERSION = YES;
				CLANG_WARN_DIRECT_OBJC_ISA_USAGE = YES_ERROR;
				CLANG_WARN_EMPTY_BODY = YES;
				CLANG_WARN_ENUM_CONVERSION = YES;
				CLANG_WARN_INT_CONVERSION = YES;
				CLANG_WARN_OBJC_ROOT_CLASS = YES_ERROR;
				CLANG_WARN_UNREACHABLE_CODE = YES;
				CLANG_WARN__DUPLICATE_METHOD_MATCH = YES;
				"CODE_SIGN_IDENTITY[sdk=iphoneos*]" = "iPhone Developer";
				COPY_PHASE_STRIP = NO;
				DEBUG_INFORMATION_FORMAT = "dwarf-with-dsym";
				ENABLE_NS_ASSERTIONS = NO;
				ENABLE_STRICT_OBJC_MSGSEND = YES;
				GCC_C_LANGUAGE_STANDARD = gnu99;
				GCC_NO_COMMON_BLOCKS = YES;
				GCC_WARN_64_TO_32_BIT_CONVERSION = YES;
				GCC_WARN_ABOUT_RETURN_TYPE = YES_ERROR;
				GCC_WARN_UNDECLARED_SELECTOR = YES;
				GCC_WARN_UNINITIALIZED_AUTOS = YES_AGGRESSIVE;
				GCC_WARN_UNUSED_FUNCTION = YES;
				GCC_WARN_UNUSED_VARIABLE = YES;
				IPHONEOS_DEPLOYMENT_TARGET = 8.4;
				MTL_ENABLE_DEBUG_INFO = NO;
				SDKROOT = iphoneos;
				VALIDATE_PRODUCT = YES;
			};
			name = Release;
		};
		271327361B7EE34300FAF6CC /* Debug */ = {
			isa = XCBuildConfiguration;
			buildSettings = {
				ASSETCATALOG_COMPILER_APPICON_NAME = AppIcon;
				INFOPLIST_FILE = "design+code/Info.plist";
				LD_RUNPATH_SEARCH_PATHS = "$(inherited) @executable_path/Frameworks";
				PRODUCT_NAME = "$(TARGET_NAME)";
			};
			name = Debug;
		};
		271327371B7EE34300FAF6CC /* Release */ = {
			isa = XCBuildConfiguration;
			buildSettings = {
				ASSETCATALOG_COMPILER_APPICON_NAME = AppIcon;
				INFOPLIST_FILE = "design+code/Info.plist";
				LD_RUNPATH_SEARCH_PATHS = "$(inherited) @executable_path/Frameworks";
				PRODUCT_NAME = "$(TARGET_NAME)";
			};
			name = Release;
		};
		271327391B7EE34300FAF6CC /* Debug */ = {
			isa = XCBuildConfiguration;
			buildSettings = {
				BUNDLE_LOADER = "$(TEST_HOST)";
				FRAMEWORK_SEARCH_PATHS = (
					"$(SDKROOT)/Developer/Library/Frameworks",
					"$(inherited)",
				);
				GCC_PREPROCESSOR_DEFINITIONS = (
					"DEBUG=1",
					"$(inherited)",
				);
				INFOPLIST_FILE = "design+codeTests/Info.plist";
				LD_RUNPATH_SEARCH_PATHS = "$(inherited) @executable_path/Frameworks @loader_path/Frameworks";
				PRODUCT_NAME = "$(TARGET_NAME)";
				TEST_HOST = "$(BUILT_PRODUCTS_DIR)/design+code.app/design+code";
			};
			name = Debug;
		};
		2713273A1B7EE34300FAF6CC /* Release */ = {
			isa = XCBuildConfiguration;
			buildSettings = {
				BUNDLE_LOADER = "$(TEST_HOST)";
				FRAMEWORK_SEARCH_PATHS = (
					"$(SDKROOT)/Developer/Library/Frameworks",
					"$(inherited)",
				);
				INFOPLIST_FILE = "design+codeTests/Info.plist";
				LD_RUNPATH_SEARCH_PATHS = "$(inherited) @executable_path/Frameworks @loader_path/Frameworks";
				PRODUCT_NAME = "$(TARGET_NAME)";
				TEST_HOST = "$(BUILT_PRODUCTS_DIR)/design+code.app/design+code";
			};
			name = Release;
		};
/* End XCBuildConfiguration section */

/* Begin XCConfigurationList section */
		2713270D1B7EE34300FAF6CC /* Build configuration list for PBXProject "design+code" */ = {
			isa = XCConfigurationList;
			buildConfigurations = (
				271327331B7EE34300FAF6CC /* Debug */,
				271327341B7EE34300FAF6CC /* Release */,
			);
			defaultConfigurationIsVisible = 0;
			defaultConfigurationName = Release;
		};
		271327351B7EE34300FAF6CC /* Build configuration list for PBXNativeTarget "design+code" */ = {
			isa = XCConfigurationList;
			buildConfigurations = (
				271327361B7EE34300FAF6CC /* Debug */,
				271327371B7EE34300FAF6CC /* Release */,
			);
			defaultConfigurationIsVisible = 0;
		};
		271327381B7EE34300FAF6CC /* Build configuration list for PBXNativeTarget "design+codeTests" */ = {
			isa = XCConfigurationList;
			buildConfigurations = (
				271327391B7EE34300FAF6CC /* Debug */,
				2713273A1B7EE34300FAF6CC /* Release */,
			);
			defaultConfigurationIsVisible = 0;
		};
/* End XCConfigurationList section */
	};
	rootObject = 2713270A1B7EE34300FAF6CC /* Project object */;
}
