// !$*UTF8*$!
{
	archiveVersion = 1;
	classes = {
	};
	objectVersion = 46;
	objects = {

/* Begin PBXBuildFile section */
		2706ACF11B44D046005BEC29 /* Accounts.framework in Frameworks */ = {isa = PBXBuildFile; fileRef = 2706ACE01B44D046005BEC29 /* Accounts.framework */; };
		2706ACF21B44D046005BEC29 /* AdSupport.framework in Frameworks */ = {isa = PBXBuildFile; fileRef = 2706ACE11B44D046005BEC29 /* AdSupport.framework */; };
		2706ACF31B44D046005BEC29 /* AudioToolbox.framework in Frameworks */ = {isa = PBXBuildFile; fileRef = 2706ACE21B44D046005BEC29 /* AudioToolbox.framework */; };
		2706ACF41B44D046005BEC29 /* CFNetwork.framework in Frameworks */ = {isa = PBXBuildFile; fileRef = 2706ACE31B44D046005BEC29 /* CFNetwork.framework */; };
		2706ACF51B44D046005BEC29 /* CoreGraphics.framework in Frameworks */ = {isa = PBXBuildFile; fileRef = 2706ACE41B44D046005BEC29 /* CoreGraphics.framework */; };
		2706ACF61B44D046005BEC29 /* CoreLocation.framework in Frameworks */ = {isa = PBXBuildFile; fileRef = 2706ACE51B44D046005BEC29 /* CoreLocation.framework */; };
		2706ACF71B44D046005BEC29 /* Foundation.framework in Frameworks */ = {isa = PBXBuildFile; fileRef = 2706ACE61B44D046005BEC29 /* Foundation.framework */; };
		2706ACF81B44D046005BEC29 /* libsqlite3.dylib in Frameworks */ = {isa = PBXBuildFile; fileRef = 2706ACE71B44D046005BEC29 /* libsqlite3.dylib */; };
		2706ACF91B44D046005BEC29 /* libz.1.1.3.dylib in Frameworks */ = {isa = PBXBuildFile; fileRef = 2706ACE81B44D046005BEC29 /* libz.1.1.3.dylib */; };
		2706ACFA1B44D046005BEC29 /* MobileCoreServices.framework in Frameworks */ = {isa = PBXBuildFile; fileRef = 2706ACE91B44D046005BEC29 /* MobileCoreServices.framework */; };
		2706ACFC1B44D046005BEC29 /* QuartzCore.framework in Frameworks */ = {isa = PBXBuildFile; fileRef = 2706ACEB1B44D046005BEC29 /* QuartzCore.framework */; };
		2706ACFD1B44D046005BEC29 /* Security.framework in Frameworks */ = {isa = PBXBuildFile; fileRef = 2706ACEC1B44D046005BEC29 /* Security.framework */; };
		2706ACFE1B44D046005BEC29 /* Social.framework in Frameworks */ = {isa = PBXBuildFile; fileRef = 2706ACED1B44D046005BEC29 /* Social.framework */; };
		2706ACFF1B44D046005BEC29 /* StoreKit.framework in Frameworks */ = {isa = PBXBuildFile; fileRef = 2706ACEE1B44D046005BEC29 /* StoreKit.framework */; };
		2706AD001B44D046005BEC29 /* SystemConfiguration.framework in Frameworks */ = {isa = PBXBuildFile; fileRef = 2706ACEF1B44D046005BEC29 /* SystemConfiguration.framework */; };
		2706AD011B44D046005BEC29 /* UIKit.framework in Frameworks */ = {isa = PBXBuildFile; fileRef = 2706ACF01B44D046005BEC29 /* UIKit.framework */; };
		2706AD081B44D15F005BEC29 /* Bolts.framework in Frameworks */ = {isa = PBXBuildFile; fileRef = 2706AD021B44D15F005BEC29 /* Bolts.framework */; };
		2706AD091B44D15F005BEC29 /* Default-568h@2x.png in Resources */ = {isa = PBXBuildFile; fileRef = 2706AD031B44D15F005BEC29 /* Default-568h@2x.png */; };
		2706AD0A1B44D15F005BEC29 /* ParseCrashReporting.framework in Frameworks */ = {isa = PBXBuildFile; fileRef = 2706AD041B44D15F005BEC29 /* ParseCrashReporting.framework */; };
		2706AD0B1B44D15F005BEC29 /* ParseFacebookUtils.framework in Frameworks */ = {isa = PBXBuildFile; fileRef = 2706AD051B44D15F005BEC29 /* ParseFacebookUtils.framework */; };
		2706AD0C1B44D15F005BEC29 /* ParseFacebookUtilsV4.framework in Frameworks */ = {isa = PBXBuildFile; fileRef = 2706AD061B44D15F005BEC29 /* ParseFacebookUtilsV4.framework */; };
		2706AD0D1B44D15F005BEC29 /* ParseUI.framework in Frameworks */ = {isa = PBXBuildFile; fileRef = 2706AD071B44D15F005BEC29 /* ParseUI.framework */; };
		2744D14E1B422D0300A73CE2 /* main.m in Sources */ = {isa = PBXBuildFile; fileRef = 2744D14D1B422D0300A73CE2 /* main.m */; };
		2744D1511B422D0300A73CE2 /* AppDelegate.m in Sources */ = {isa = PBXBuildFile; fileRef = 2744D1501B422D0300A73CE2 /* AppDelegate.m */; };
		2744D1541B422D0300A73CE2 /* ViewController.m in Sources */ = {isa = PBXBuildFile; fileRef = 2744D1531B422D0300A73CE2 /* ViewController.m */; };
		2744D1571B422D0300A73CE2 /* Main.storyboard in Resources */ = {isa = PBXBuildFile; fileRef = 2744D1551B422D0300A73CE2 /* Main.storyboard */; };
		2744D1591B422D0300A73CE2 /* Images.xcassets in Resources */ = {isa = PBXBuildFile; fileRef = 2744D1581B422D0300A73CE2 /* Images.xcassets */; };
		2744D15C1B422D0300A73CE2 /* LaunchScreen.xib in Resources */ = {isa = PBXBuildFile; fileRef = 2744D15A1B422D0300A73CE2 /* LaunchScreen.xib */; };
		2744D1681B422D0300A73CE2 /* RivalsTests.m in Sources */ = {isa = PBXBuildFile; fileRef = 2744D1671B422D0300A73CE2 /* RivalsTests.m */; };
/* End PBXBuildFile section */

/* Begin PBXContainerItemProxy section */
		2744D1621B422D0300A73CE2 /* PBXContainerItemProxy */ = {
			isa = PBXContainerItemProxy;
			containerPortal = 2744D1401B422D0300A73CE2 /* Project object */;
			proxyType = 1;
			remoteGlobalIDString = 2744D1471B422D0300A73CE2;
			remoteInfo = Rivals;
		};
/* End PBXContainerItemProxy section */

/* Begin PBXFileReference section */
		2706ACE01B44D046005BEC29 /* Accounts.framework */ = {isa = PBXFileReference; lastKnownFileType = wrapper.framework; name = Accounts.framework; path = System/Library/Frameworks/Accounts.framework; sourceTree = SDKROOT; };
		2706ACE11B44D046005BEC29 /* AdSupport.framework */ = {isa = PBXFileReference; lastKnownFileType = wrapper.framework; name = AdSupport.framework; path = System/Library/Frameworks/AdSupport.framework; sourceTree = SDKROOT; };
		2706ACE21B44D046005BEC29 /* AudioToolbox.framework */ = {isa = PBXFileReference; lastKnownFileType = wrapper.framework; name = AudioToolbox.framework; path = System/Library/Frameworks/AudioToolbox.framework; sourceTree = SDKROOT; };
		2706ACE31B44D046005BEC29 /* CFNetwork.framework */ = {isa = PBXFileReference; lastKnownFileType = wrapper.framework; name = CFNetwork.framework; path = System/Library/Frameworks/CFNetwork.framework; sourceTree = SDKROOT; };
		2706ACE41B44D046005BEC29 /* CoreGraphics.framework */ = {isa = PBXFileReference; lastKnownFileType = wrapper.framework; name = CoreGraphics.framework; path = System/Library/Frameworks/CoreGraphics.framework; sourceTree = SDKROOT; };
		2706ACE51B44D046005BEC29 /* CoreLocation.framework */ = {isa = PBXFileReference; lastKnownFileType = wrapper.framework; name = CoreLocation.framework; path = System/Library/Frameworks/CoreLocation.framework; sourceTree = SDKROOT; };
		2706ACE61B44D046005BEC29 /* Foundation.framework */ = {isa = PBXFileReference; lastKnownFileType = wrapper.framework; name = Foundation.framework; path = System/Library/Frameworks/Foundation.framework; sourceTree = SDKROOT; };
		2706ACE71B44D046005BEC29 /* libsqlite3.dylib */ = {isa = PBXFileReference; lastKnownFileType = "compiled.mach-o.dylib"; name = libsqlite3.dylib; path = usr/lib/libsqlite3.dylib; sourceTree = SDKROOT; };
		2706ACE81B44D046005BEC29 /* libz.1.1.3.dylib */ = {isa = PBXFileReference; lastKnownFileType = "compiled.mach-o.dylib"; name = libz.1.1.3.dylib; path = usr/lib/libz.1.1.3.dylib; sourceTree = SDKROOT; };
		2706ACE91B44D046005BEC29 /* MobileCoreServices.framework */ = {isa = PBXFileReference; lastKnownFileType = wrapper.framework; name = MobileCoreServices.framework; path = System/Library/Frameworks/MobileCoreServices.framework; sourceTree = SDKROOT; };
		2706ACEB1B44D046005BEC29 /* QuartzCore.framework */ = {isa = PBXFileReference; lastKnownFileType = wrapper.framework; name = QuartzCore.framework; path = System/Library/Frameworks/QuartzCore.framework; sourceTree = SDKROOT; };
		2706ACEC1B44D046005BEC29 /* Security.framework */ = {isa = PBXFileReference; lastKnownFileType = wrapper.framework; name = Security.framework; path = System/Library/Frameworks/Security.framework; sourceTree = SDKROOT; };
		2706ACED1B44D046005BEC29 /* Social.framework */ = {isa = PBXFileReference; lastKnownFileType = wrapper.framework; name = Social.framework; path = System/Library/Frameworks/Social.framework; sourceTree = SDKROOT; };
		2706ACEE1B44D046005BEC29 /* StoreKit.framework */ = {isa = PBXFileReference; lastKnownFileType = wrapper.framework; name = StoreKit.framework; path = System/Library/Frameworks/StoreKit.framework; sourceTree = SDKROOT; };
		2706ACEF1B44D046005BEC29 /* SystemConfiguration.framework */ = {isa = PBXFileReference; lastKnownFileType = wrapper.framework; name = SystemConfiguration.framework; path = System/Library/Frameworks/SystemConfiguration.framework; sourceTree = SDKROOT; };
		2706ACF01B44D046005BEC29 /* UIKit.framework */ = {isa = PBXFileReference; lastKnownFileType = wrapper.framework; name = UIKit.framework; path = System/Library/Frameworks/UIKit.framework; sourceTree = SDKROOT; };
		2706AD021B44D15F005BEC29 /* Bolts.framework */ = {isa = PBXFileReference; lastKnownFileType = wrapper.framework; path = Bolts.framework; sourceTree = "<group>"; };
		2706AD031B44D15F005BEC29 /* Default-568h@2x.png */ = {isa = PBXFileReference; lastKnownFileType = image.png; path = "Default-568h@2x.png"; sourceTree = "<group>"; };
		2706AD041B44D15F005BEC29 /* ParseCrashReporting.framework */ = {isa = PBXFileReference; lastKnownFileType = wrapper.framework; path = ParseCrashReporting.framework; sourceTree = "<group>"; };
		2706AD051B44D15F005BEC29 /* ParseFacebookUtils.framework */ = {isa = PBXFileReference; lastKnownFileType = wrapper.framework; path = ParseFacebookUtils.framework; sourceTree = "<group>"; };
		2706AD061B44D15F005BEC29 /* ParseFacebookUtilsV4.framework */ = {isa = PBXFileReference; lastKnownFileType = wrapper.framework; path = ParseFacebookUtilsV4.framework; sourceTree = "<group>"; };
		2706AD071B44D15F005BEC29 /* ParseUI.framework */ = {isa = PBXFileReference; lastKnownFileType = wrapper.framework; path = ParseUI.framework; sourceTree = "<group>"; };
		2744D1481B422D0300A73CE2 /* Rivals.app */ = {isa = PBXFileReference; explicitFileType = wrapper.application; includeInIndex = 0; path = Rivals.app; sourceTree = BUILT_PRODUCTS_DIR; };
		2744D14C1B422D0300A73CE2 /* Info.plist */ = {isa = PBXFileReference; lastKnownFileType = text.plist.xml; path = Info.plist; sourceTree = "<group>"; };
		2744D14D1B422D0300A73CE2 /* main.m */ = {isa = PBXFileReference; lastKnownFileType = sourcecode.c.objc; path = main.m; sourceTree = "<group>"; };
		2744D14F1B422D0300A73CE2 /* AppDelegate.h */ = {isa = PBXFileReference; lastKnownFileType = sourcecode.c.h; path = AppDelegate.h; sourceTree = "<group>"; };
		2744D1501B422D0300A73CE2 /* AppDelegate.m */ = {isa = PBXFileReference; lastKnownFileType = sourcecode.c.objc; path = AppDelegate.m; sourceTree = "<group>"; };
		2744D1521B422D0300A73CE2 /* ViewController.h */ = {isa = PBXFileReference; lastKnownFileType = sourcecode.c.h; path = ViewController.h; sourceTree = "<group>"; };
		2744D1531B422D0300A73CE2 /* ViewController.m */ = {isa = PBXFileReference; lastKnownFileType = sourcecode.c.objc; path = ViewController.m; sourceTree = "<group>"; };
		2744D1561B422D0300A73CE2 /* Base */ = {isa = PBXFileReference; lastKnownFileType = file.storyboard; name = Base; path = Base.lproj/Main.storyboard; sourceTree = "<group>"; };
		2744D1581B422D0300A73CE2 /* Images.xcassets */ = {isa = PBXFileReference; lastKnownFileType = folder.assetcatalog; path = Images.xcassets; sourceTree = "<group>"; };
		2744D15B1B422D0300A73CE2 /* Base */ = {isa = PBXFileReference; lastKnownFileType = file.xib; name = Base; path = Base.lproj/LaunchScreen.xib; sourceTree = "<group>"; };
		2744D1611B422D0300A73CE2 /* RivalsTests.xctest */ = {isa = PBXFileReference; explicitFileType = wrapper.cfbundle; includeInIndex = 0; path = RivalsTests.xctest; sourceTree = BUILT_PRODUCTS_DIR; };
		2744D1661B422D0300A73CE2 /* Info.plist */ = {isa = PBXFileReference; lastKnownFileType = text.plist.xml; path = Info.plist; sourceTree = "<group>"; };
		2744D1671B422D0300A73CE2 /* RivalsTests.m */ = {isa = PBXFileReference; lastKnownFileType = sourcecode.c.objc; path = RivalsTests.m; sourceTree = "<group>"; };
/* End PBXFileReference section */

/* Begin PBXFrameworksBuildPhase section */
		2744D1451B422D0300A73CE2 /* Frameworks */ = {
			isa = PBXFrameworksBuildPhase;
			buildActionMask = 2147483647;
			files = (
				2706ACF61B44D046005BEC29 /* CoreLocation.framework in Frameworks */,
				2706AD0A1B44D15F005BEC29 /* ParseCrashReporting.framework in Frameworks */,
				2706ACF91B44D046005BEC29 /* libz.1.1.3.dylib in Frameworks */,
				2706ACF11B44D046005BEC29 /* Accounts.framework in Frameworks */,
				2706ACFA1B44D046005BEC29 /* MobileCoreServices.framework in Frameworks */,
				2706AD0B1B44D15F005BEC29 /* ParseFacebookUtils.framework in Frameworks */,
				2706ACF21B44D046005BEC29 /* AdSupport.framework in Frameworks */,
				2706ACFD1B44D046005BEC29 /* Security.framework in Frameworks */,
				2706AD001B44D046005BEC29 /* SystemConfiguration.framework in Frameworks */,
				2706AD0D1B44D15F005BEC29 /* ParseUI.framework in Frameworks */,
				2706ACF41B44D046005BEC29 /* CFNetwork.framework in Frameworks */,
				2706ACF51B44D046005BEC29 /* CoreGraphics.framework in Frameworks */,
				2706ACFE1B44D046005BEC29 /* Social.framework in Frameworks */,
				2706AD011B44D046005BEC29 /* UIKit.framework in Frameworks */,
				2706ACFC1B44D046005BEC29 /* QuartzCore.framework in Frameworks */,
				2706AD0C1B44D15F005BEC29 /* ParseFacebookUtilsV4.framework in Frameworks */,
				2706AD081B44D15F005BEC29 /* Bolts.framework in Frameworks */,
				2706ACF71B44D046005BEC29 /* Foundation.framework in Frameworks */,
				2706ACFF1B44D046005BEC29 /* StoreKit.framework in Frameworks */,
				2706ACF81B44D046005BEC29 /* libsqlite3.dylib in Frameworks */,
				2706ACF31B44D046005BEC29 /* AudioToolbox.framework in Frameworks */,
			);
			runOnlyForDeploymentPostprocessing = 0;
		};
		2744D15E1B422D0300A73CE2 /* Frameworks */ = {
			isa = PBXFrameworksBuildPhase;
			buildActionMask = 2147483647;
			files = (
			);
			runOnlyForDeploymentPostprocessing = 0;
		};
/* End PBXFrameworksBuildPhase section */

/* Begin PBXGroup section */
		2706ACDF1B44D023005BEC29 /* Frameworks */ = {
			isa = PBXGroup;
			children = (
				2706AD021B44D15F005BEC29 /* Bolts.framework */,
				2706AD031B44D15F005BEC29 /* Default-568h@2x.png */,
				2706AD041B44D15F005BEC29 /* ParseCrashReporting.framework */,
				2706AD051B44D15F005BEC29 /* ParseFacebookUtils.framework */,
				2706AD061B44D15F005BEC29 /* ParseFacebookUtilsV4.framework */,
				2706AD071B44D15F005BEC29 /* ParseUI.framework */,
				2706ACE01B44D046005BEC29 /* Accounts.framework */,
				2706ACE11B44D046005BEC29 /* AdSupport.framework */,
				2706ACE21B44D046005BEC29 /* AudioToolbox.framework */,
				2706ACE31B44D046005BEC29 /* CFNetwork.framework */,
				2706ACE41B44D046005BEC29 /* CoreGraphics.framework */,
				2706ACE51B44D046005BEC29 /* CoreLocation.framework */,
				2706ACE61B44D046005BEC29 /* Foundation.framework */,
				2706ACE71B44D046005BEC29 /* libsqlite3.dylib */,
				2706ACE81B44D046005BEC29 /* libz.1.1.3.dylib */,
				2706ACE91B44D046005BEC29 /* MobileCoreServices.framework */,
				2706ACEB1B44D046005BEC29 /* QuartzCore.framework */,
				2706ACEC1B44D046005BEC29 /* Security.framework */,
				2706ACED1B44D046005BEC29 /* Social.framework */,
				2706ACEE1B44D046005BEC29 /* StoreKit.framework */,
				2706ACEF1B44D046005BEC29 /* SystemConfiguration.framework */,
				2706ACF01B44D046005BEC29 /* UIKit.framework */,
			);
			name = Frameworks;
			sourceTree = "<group>";
		};
		2744D13F1B422D0300A73CE2 = {
			isa = PBXGroup;
			children = (
				2744D14A1B422D0300A73CE2 /* Rivals */,
				2744D1641B422D0300A73CE2 /* RivalsTests */,
				2744D1491B422D0300A73CE2 /* Products */,
				2706ACDF1B44D023005BEC29 /* Frameworks */,
			);
			sourceTree = "<group>";
		};
		2744D1491B422D0300A73CE2 /* Products */ = {
			isa = PBXGroup;
			children = (
				2744D1481B422D0300A73CE2 /* Rivals.app */,
				2744D1611B422D0300A73CE2 /* RivalsTests.xctest */,
			);
			name = Products;
			sourceTree = "<group>";
		};
		2744D14A1B422D0300A73CE2 /* Rivals */ = {
			isa = PBXGroup;
			children = (
				2744D14F1B422D0300A73CE2 /* AppDelegate.h */,
				2744D1501B422D0300A73CE2 /* AppDelegate.m */,
				2744D1521B422D0300A73CE2 /* ViewController.h */,
				2744D1531B422D0300A73CE2 /* ViewController.m */,
				2744D1551B422D0300A73CE2 /* Main.storyboard */,
				2744D1581B422D0300A73CE2 /* Images.xcassets */,
				2744D15A1B422D0300A73CE2 /* LaunchScreen.xib */,
				2744D14B1B422D0300A73CE2 /* Supporting Files */,
			);
			path = Rivals;
			sourceTree = "<group>";
		};
		2744D14B1B422D0300A73CE2 /* Supporting Files */ = {
			isa = PBXGroup;
			children = (
				2744D14C1B422D0300A73CE2 /* Info.plist */,
				2744D14D1B422D0300A73CE2 /* main.m */,
			);
			name = "Supporting Files";
			sourceTree = "<group>";
		};
		2744D1641B422D0300A73CE2 /* RivalsTests */ = {
			isa = PBXGroup;
			children = (
				2744D1671B422D0300A73CE2 /* RivalsTests.m */,
				2744D1651B422D0300A73CE2 /* Supporting Files */,
			);
			path = RivalsTests;
			sourceTree = "<group>";
		};
		2744D1651B422D0300A73CE2 /* Supporting Files */ = {
			isa = PBXGroup;
			children = (
				2744D1661B422D0300A73CE2 /* Info.plist */,
			);
			name = "Supporting Files";
			sourceTree = "<group>";
		};
/* End PBXGroup section */

/* Begin PBXNativeTarget section */
		2744D1471B422D0300A73CE2 /* Rivals */ = {
			isa = PBXNativeTarget;
			buildConfigurationList = 2744D16B1B422D0300A73CE2 /* Build configuration list for PBXNativeTarget "Rivals" */;
			buildPhases = (
				2744D1441B422D0300A73CE2 /* Sources */,
				2744D1451B422D0300A73CE2 /* Frameworks */,
				2744D1461B422D0300A73CE2 /* Resources */,
			);
			buildRules = (
			);
			dependencies = (
			);
			name = Rivals;
			productName = Rivals;
			productReference = 2744D1481B422D0300A73CE2 /* Rivals.app */;
			productType = "com.apple.product-type.application";
		};
		2744D1601B422D0300A73CE2 /* RivalsTests */ = {
			isa = PBXNativeTarget;
			buildConfigurationList = 2744D16E1B422D0300A73CE2 /* Build configuration list for PBXNativeTarget "RivalsTests" */;
			buildPhases = (
				2744D15D1B422D0300A73CE2 /* Sources */,
				2744D15E1B422D0300A73CE2 /* Frameworks */,
				2744D15F1B422D0300A73CE2 /* Resources */,
			);
			buildRules = (
			);
			dependencies = (
				2744D1631B422D0300A73CE2 /* PBXTargetDependency */,
			);
			name = RivalsTests;
			productName = RivalsTests;
			productReference = 2744D1611B422D0300A73CE2 /* RivalsTests.xctest */;
			productType = "com.apple.product-type.bundle.unit-test";
		};
/* End PBXNativeTarget section */

/* Begin PBXProject section */
		2744D1401B422D0300A73CE2 /* Project object */ = {
			isa = PBXProject;
			attributes = {
				LastUpgradeCheck = 0630;
				ORGANIZATIONNAME = Andrei;
				TargetAttributes = {
					2744D1471B422D0300A73CE2 = {
						CreatedOnToolsVersion = 6.3.2;
					};
					2744D1601B422D0300A73CE2 = {
						CreatedOnToolsVersion = 6.3.2;
						TestTargetID = 2744D1471B422D0300A73CE2;
					};
				};
			};
			buildConfigurationList = 2744D1431B422D0300A73CE2 /* Build configuration list for PBXProject "Rivals" */;
			compatibilityVersion = "Xcode 3.2";
			developmentRegion = English;
			hasScannedForEncodings = 0;
			knownRegions = (
				en,
				Base,
			);
			mainGroup = 2744D13F1B422D0300A73CE2;
			productRefGroup = 2744D1491B422D0300A73CE2 /* Products */;
			projectDirPath = "";
			projectRoot = "";
			targets = (
				2744D1471B422D0300A73CE2 /* Rivals */,
				2744D1601B422D0300A73CE2 /* RivalsTests */,
			);
		};
/* End PBXProject section */

/* Begin PBXResourcesBuildPhase section */
		2744D1461B422D0300A73CE2 /* Resources */ = {
			isa = PBXResourcesBuildPhase;
			buildActionMask = 2147483647;
			files = (
				2744D1571B422D0300A73CE2 /* Main.storyboard in Resources */,
				2706AD091B44D15F005BEC29 /* Default-568h@2x.png in Resources */,
				2744D15C1B422D0300A73CE2 /* LaunchScreen.xib in Resources */,
				2744D1591B422D0300A73CE2 /* Images.xcassets in Resources */,
			);
			runOnlyForDeploymentPostprocessing = 0;
		};
		2744D15F1B422D0300A73CE2 /* Resources */ = {
			isa = PBXResourcesBuildPhase;
			buildActionMask = 2147483647;
			files = (
			);
			runOnlyForDeploymentPostprocessing = 0;
		};
/* End PBXResourcesBuildPhase section */

/* Begin PBXSourcesBuildPhase section */
		2744D1441B422D0300A73CE2 /* Sources */ = {
			isa = PBXSourcesBuildPhase;
			buildActionMask = 2147483647;
			files = (
				2744D1541B422D0300A73CE2 /* ViewController.m in Sources */,
				2744D1511B422D0300A73CE2 /* AppDelegate.m in Sources */,
				2744D14E1B422D0300A73CE2 /* main.m in Sources */,
			);
			runOnlyForDeploymentPostprocessing = 0;
		};
		2744D15D1B422D0300A73CE2 /* Sources */ = {
			isa = PBXSourcesBuildPhase;
			buildActionMask = 2147483647;
			files = (
				2744D1681B422D0300A73CE2 /* RivalsTests.m in Sources */,
			);
			runOnlyForDeploymentPostprocessing = 0;
		};
/* End PBXSourcesBuildPhase section */

/* Begin PBXTargetDependency section */
		2744D1631B422D0300A73CE2 /* PBXTargetDependency */ = {
			isa = PBXTargetDependency;
			target = 2744D1471B422D0300A73CE2 /* Rivals */;
			targetProxy = 2744D1621B422D0300A73CE2 /* PBXContainerItemProxy */;
		};
/* End PBXTargetDependency section */

/* Begin PBXVariantGroup section */
		2744D1551B422D0300A73CE2 /* Main.storyboard */ = {
			isa = PBXVariantGroup;
			children = (
				2744D1561B422D0300A73CE2 /* Base */,
			);
			name = Main.storyboard;
			sourceTree = "<group>";
		};
		2744D15A1B422D0300A73CE2 /* LaunchScreen.xib */ = {
			isa = PBXVariantGroup;
			children = (
				2744D15B1B422D0300A73CE2 /* Base */,
			);
			name = LaunchScreen.xib;
			sourceTree = "<group>";
		};
/* End PBXVariantGroup section */

/* Begin XCBuildConfiguration section */
		2744D1691B422D0300A73CE2 /* Debug */ = {
			isa = XCBuildConfiguration;
			buildSettings = {
				ALWAYS_SEARCH_USER_PATHS = NO;
				CLANG_CXX_LANGUAGE_STANDARD = "gnu++0x";
				CLANG_CXX_LIBRARY = "libc++";
				CLANG_ENABLE_MODULES = YES;
				CLANG_ENABLE_OBJC_ARC = YES;
				CLANG_WARN_BOOL_CONVERSION = YES;
				CLANG_WARN_CONSTANT_CONVERSION = YES;
				CLANG_WARN_DIRECT_OBJC_ISA_USAGE = YES_ERROR;
				CLANG_WARN_EMPTY_BODY = YES;
				CLANG_WARN_ENUM_CONVERSION = YES;
				CLANG_WARN_INT_CONVERSION = YES;
				CLANG_WARN_OBJC_ROOT_CLASS = YES_ERROR;
				CLANG_WARN_UNREACHABLE_CODE = YES;
				CLANG_WARN__DUPLICATE_METHOD_MATCH = YES;
				"CODE_SIGN_IDENTITY[sdk=iphoneos*]" = "iPhone Developer";
				COPY_PHASE_STRIP = NO;
				DEBUG_INFORMATION_FORMAT = "dwarf-with-dsym";
				ENABLE_STRICT_OBJC_MSGSEND = YES;
				GCC_C_LANGUAGE_STANDARD = gnu99;
				GCC_DYNAMIC_NO_PIC = NO;
				GCC_NO_COMMON_BLOCKS = YES;
				GCC_OPTIMIZATION_LEVEL = 0;
				GCC_PREPROCESSOR_DEFINITIONS = (
					"DEBUG=1",
					"$(inherited)",
				);
				GCC_SYMBOLS_PRIVATE_EXTERN = NO;
				GCC_WARN_64_TO_32_BIT_CONVERSION = YES;
				GCC_WARN_ABOUT_RETURN_TYPE = YES_ERROR;
				GCC_WARN_UNDECLARED_SELECTOR = YES;
				GCC_WARN_UNINITIALIZED_AUTOS = YES_AGGRESSIVE;
				GCC_WARN_UNUSED_FUNCTION = YES;
				GCC_WARN_UNUSED_VARIABLE = YES;
				IPHONEOS_DEPLOYMENT_TARGET = 8.3;
				MTL_ENABLE_DEBUG_INFO = YES;
				ONLY_ACTIVE_ARCH = YES;
				SDKROOT = iphoneos;
			};
			name = Debug;
		};
		2744D16A1B422D0300A73CE2 /* Release */ = {
			isa = XCBuildConfiguration;
			buildSettings = {
				ALWAYS_SEARCH_USER_PATHS = NO;
				CLANG_CXX_LANGUAGE_STANDARD = "gnu++0x";
				CLANG_CXX_LIBRARY = "libc++";
				CLANG_ENABLE_MODULES = YES;
				CLANG_ENABLE_OBJC_ARC = YES;
				CLANG_WARN_BOOL_CONVERSION = YES;
				CLANG_WARN_CONSTANT_CONVERSION = YES;
				CLANG_WARN_DIRECT_OBJC_ISA_USAGE = YES_ERROR;
				CLANG_WARN_EMPTY_BODY = YES;
				CLANG_WARN_ENUM_CONVERSION = YES;
				CLANG_WARN_INT_CONVERSION = YES;
				CLANG_WARN_OBJC_ROOT_CLASS = YES_ERROR;
				CLANG_WARN_UNREACHABLE_CODE = YES;
				CLANG_WARN__DUPLICATE_METHOD_MATCH = YES;
				"CODE_SIGN_IDENTITY[sdk=iphoneos*]" = "iPhone Developer";
				COPY_PHASE_STRIP = NO;
				DEBUG_INFORMATION_FORMAT = "dwarf-with-dsym";
				ENABLE_NS_ASSERTIONS = NO;
				ENABLE_STRICT_OBJC_MSGSEND = YES;
				GCC_C_LANGUAGE_STANDARD = gnu99;
				GCC_NO_COMMON_BLOCKS = YES;
				GCC_WARN_64_TO_32_BIT_CONVERSION = YES;
				GCC_WARN_ABOUT_RETURN_TYPE = YES_ERROR;
				GCC_WARN_UNDECLARED_SELECTOR = YES;
				GCC_WARN_UNINITIALIZED_AUTOS = YES_AGGRESSIVE;
				GCC_WARN_UNUSED_FUNCTION = YES;
				GCC_WARN_UNUSED_VARIABLE = YES;
				IPHONEOS_DEPLOYMENT_TARGET = 8.3;
				MTL_ENABLE_DEBUG_INFO = NO;
				SDKROOT = iphoneos;
				VALIDATE_PRODUCT = YES;
			};
			name = Release;
		};
		2744D16C1B422D0300A73CE2 /* Debug */ = {
			isa = XCBuildConfiguration;
			buildSettings = {
				ASSETCATALOG_COMPILER_APPICON_NAME = AppIcon;
				FRAMEWORK_SEARCH_PATHS = (
					"$(inherited)",
					/Users/antpgomes/Google,
					Drive/ParseApp,
					"$(PROJECT_DIR)",
				);
				INFOPLIST_FILE = Rivals/Info.plist;
				LD_RUNPATH_SEARCH_PATHS = "$(inherited) @executable_path/Frameworks";
				PRODUCT_NAME = "$(TARGET_NAME)";
			};
			name = Debug;
		};
		2744D16D1B422D0300A73CE2 /* Release */ = {
			isa = XCBuildConfiguration;
			buildSettings = {
				ASSETCATALOG_COMPILER_APPICON_NAME = AppIcon;
				FRAMEWORK_SEARCH_PATHS = (
					"$(inherited)",
					/Users/antpgomes/Google,
					Drive/ParseApp,
					"$(PROJECT_DIR)",
				);
				INFOPLIST_FILE = Rivals/Info.plist;
				LD_RUNPATH_SEARCH_PATHS = "$(inherited) @executable_path/Frameworks";
				PRODUCT_NAME = "$(TARGET_NAME)";
			};
			name = Release;
		};
		2744D16F1B422D0300A73CE2 /* Debug */ = {
			isa = XCBuildConfiguration;
			buildSettings = {
				BUNDLE_LOADER = "$(TEST_HOST)";
				FRAMEWORK_SEARCH_PATHS = (
					"$(SDKROOT)/Developer/Library/Frameworks",
					"$(inherited)",
				);
				GCC_PREPROCESSOR_DEFINITIONS = (
					"DEBUG=1",
					"$(inherited)",
				);
				INFOPLIST_FILE = RivalsTests/Info.plist;
				LD_RUNPATH_SEARCH_PATHS = "$(inherited) @executable_path/Frameworks @loader_path/Frameworks";
				PRODUCT_NAME = "$(TARGET_NAME)";
				TEST_HOST = "$(BUILT_PRODUCTS_DIR)/Rivals.app/Rivals";
			};
			name = Debug;
		};
		2744D1701B422D0300A73CE2 /* Release */ = {
			isa = XCBuildConfiguration;
			buildSettings = {
				BUNDLE_LOADER = "$(TEST_HOST)";
				FRAMEWORK_SEARCH_PATHS = (
					"$(SDKROOT)/Developer/Library/Frameworks",
					"$(inherited)",
				);
				INFOPLIST_FILE = RivalsTests/Info.plist;
				LD_RUNPATH_SEARCH_PATHS = "$(inherited) @executable_path/Frameworks @loader_path/Frameworks";
				PRODUCT_NAME = "$(TARGET_NAME)";
				TEST_HOST = "$(BUILT_PRODUCTS_DIR)/Rivals.app/Rivals";
			};
			name = Release;
		};
/* End XCBuildConfiguration section */

/* Begin XCConfigurationList section */
		2744D1431B422D0300A73CE2 /* Build configuration list for PBXProject "Rivals" */ = {
			isa = XCConfigurationList;
			buildConfigurations = (
				2744D1691B422D0300A73CE2 /* Debug */,
				2744D16A1B422D0300A73CE2 /* Release */,
			);
			defaultConfigurationIsVisible = 0;
			defaultConfigurationName = Release;
		};
		2744D16B1B422D0300A73CE2 /* Build configuration list for PBXNativeTarget "Rivals" */ = {
			isa = XCConfigurationList;
			buildConfigurations = (
				2744D16C1B422D0300A73CE2 /* Debug */,
				2744D16D1B422D0300A73CE2 /* Release */,
			);
			defaultConfigurationIsVisible = 0;
			defaultConfigurationName = Release;
		};
		2744D16E1B422D0300A73CE2 /* Build configuration list for PBXNativeTarget "RivalsTests" */ = {
			isa = XCConfigurationList;
			buildConfigurations = (
				2744D16F1B422D0300A73CE2 /* Debug */,
				2744D1701B422D0300A73CE2 /* Release */,
			);
			defaultConfigurationIsVisible = 0;
			defaultConfigurationName = Release;
		};
/* End XCConfigurationList section */
	};
	rootObject = 2744D1401B422D0300A73CE2 /* Project object */;
}
