// !$*UTF8*$!
{
	archiveVersion = 1;
	classes = {
	};
	objectVersion = 46;
	objects = {

/* Begin PBXBuildFile section */
		27144E8A1B70A161000D2542 /* DateModel.m in Sources */ = {isa = PBXBuildFile; fileRef = 27144E891B70A161000D2542 /* DateModel.m */; };
		272DA6771B6C73A90076B7D2 /* main.m in Sources */ = {isa = PBXBuildFile; fileRef = 272DA6761B6C73A90076B7D2 /* main.m */; };
		272DA67A1B6C73A90076B7D2 /* AppDelegate.m in Sources */ = {isa = PBXBuildFile; fileRef = 272DA6791B6C73A90076B7D2 /* AppDelegate.m */; };
		272DA67D1B6C73A90076B7D2 /* ViewController.m in Sources */ = {isa = PBXBuildFile; fileRef = 272DA67C1B6C73A90076B7D2 /* ViewController.m */; };
		272DA6801B6C73A90076B7D2 /* Main.storyboard in Resources */ = {isa = PBXBuildFile; fileRef = 272DA67E1B6C73A90076B7D2 /* Main.storyboard */; };
		272DA6821B6C73A90076B7D2 /* Images.xcassets in Resources */ = {isa = PBXBuildFile; fileRef = 272DA6811B6C73A90076B7D2 /* Images.xcassets */; };
		272DA6851B6C73A90076B7D2 /* LaunchScreen.xib in Resources */ = {isa = PBXBuildFile; fileRef = 272DA6831B6C73A90076B7D2 /* LaunchScreen.xib */; };
		272DA6911B6C73A90076B7D2 /* Project_ZenTests.m in Sources */ = {isa = PBXBuildFile; fileRef = 272DA6901B6C73A90076B7D2 /* Project_ZenTests.m */; };
		272DA6C11B6C8A180076B7D2 /* Plan in Resources */ = {isa = PBXBuildFile; fileRef = 272DA6C01B6C8A180076B7D2 /* Plan */; };
		27F56B001B6EF54700589A26 /* FavoriteCell.m in Sources */ = {isa = PBXBuildFile; fileRef = 27F56AFF1B6EF54700589A26 /* FavoriteCell.m */; };
		27F56B031B6EF88400589A26 /* FavoritesTableViewController.m in Sources */ = {isa = PBXBuildFile; fileRef = 27F56B021B6EF88400589A26 /* FavoritesTableViewController.m */; };
/* End PBXBuildFile section */

/* Begin PBXContainerItemProxy section */
		272DA68B1B6C73A90076B7D2 /* PBXContainerItemProxy */ = {
			isa = PBXContainerItemProxy;
			containerPortal = 272DA6691B6C73A80076B7D2 /* Project object */;
			proxyType = 1;
			remoteGlobalIDString = 272DA6701B6C73A80076B7D2;
			remoteInfo = "Project Zen";
		};
/* End PBXContainerItemProxy section */

/* Begin PBXFileReference section */
		11CAD85AE3DEC5A7EEE73DD0 /* Pods-Project ZenTests.debug.xcconfig */ = {isa = PBXFileReference; includeInIndex = 1; lastKnownFileType = text.xcconfig; name = "Pods-Project ZenTests.debug.xcconfig"; path = "Pods/Target Support Files/Pods-Project ZenTests/Pods-Project ZenTests.debug.xcconfig"; sourceTree = "<group>"; };
		27144E881B70A161000D2542 /* DateModel.h */ = {isa = PBXFileReference; fileEncoding = 4; lastKnownFileType = sourcecode.c.h; path = DateModel.h; sourceTree = "<group>"; };
		27144E891B70A161000D2542 /* DateModel.m */ = {isa = PBXFileReference; fileEncoding = 4; lastKnownFileType = sourcecode.c.objc; path = DateModel.m; sourceTree = "<group>"; };
		272DA6711B6C73A80076B7D2 /* Project Zen.app */ = {isa = PBXFileReference; explicitFileType = wrapper.application; includeInIndex = 0; path = "Project Zen.app"; sourceTree = BUILT_PRODUCTS_DIR; };
		272DA6751B6C73A90076B7D2 /* Info.plist */ = {isa = PBXFileReference; lastKnownFileType = text.plist.xml; path = Info.plist; sourceTree = "<group>"; };
		272DA6761B6C73A90076B7D2 /* main.m */ = {isa = PBXFileReference; lastKnownFileType = sourcecode.c.objc; path = main.m; sourceTree = "<group>"; };
		272DA6781B6C73A90076B7D2 /* AppDelegate.h */ = {isa = PBXFileReference; lastKnownFileType = sourcecode.c.h; path = AppDelegate.h; sourceTree = "<group>"; };
		272DA6791B6C73A90076B7D2 /* AppDelegate.m */ = {isa = PBXFileReference; lastKnownFileType = sourcecode.c.objc; path = AppDelegate.m; sourceTree = "<group>"; };
		272DA67B1B6C73A90076B7D2 /* ViewController.h */ = {isa = PBXFileReference; lastKnownFileType = sourcecode.c.h; path = ViewController.h; sourceTree = "<group>"; };
		272DA67C1B6C73A90076B7D2 /* ViewController.m */ = {isa = PBXFileReference; lastKnownFileType = sourcecode.c.objc; path = ViewController.m; sourceTree = "<group>"; };
		272DA67F1B6C73A90076B7D2 /* Base */ = {isa = PBXFileReference; lastKnownFileType = file.storyboard; name = Base; path = Base.lproj/Main.storyboard; sourceTree = "<group>"; };
		272DA6811B6C73A90076B7D2 /* Images.xcassets */ = {isa = PBXFileReference; lastKnownFileType = folder.assetcatalog; path = Images.xcassets; sourceTree = "<group>"; };
		272DA6841B6C73A90076B7D2 /* Base */ = {isa = PBXFileReference; lastKnownFileType = file.xib; name = Base; path = Base.lproj/LaunchScreen.xib; sourceTree = "<group>"; };
		272DA68A1B6C73A90076B7D2 /* Project ZenTests.xctest */ = {isa = PBXFileReference; explicitFileType = wrapper.cfbundle; includeInIndex = 0; path = "Project ZenTests.xctest"; sourceTree = BUILT_PRODUCTS_DIR; };
		272DA68F1B6C73A90076B7D2 /* Info.plist */ = {isa = PBXFileReference; lastKnownFileType = text.plist.xml; path = Info.plist; sourceTree = "<group>"; };
		272DA6901B6C73A90076B7D2 /* Project_ZenTests.m */ = {isa = PBXFileReference; lastKnownFileType = sourcecode.c.objc; path = Project_ZenTests.m; sourceTree = "<group>"; };
		272DA6C01B6C8A180076B7D2 /* Plan */ = {isa = PBXFileReference; fileEncoding = 4; lastKnownFileType = text; name = Plan; path = "Project Zen/Plan"; sourceTree = "<group>"; };
		27F56AFE1B6EF54700589A26 /* FavoriteCell.h */ = {isa = PBXFileReference; fileEncoding = 4; lastKnownFileType = sourcecode.c.h; path = FavoriteCell.h; sourceTree = "<group>"; };
		27F56AFF1B6EF54700589A26 /* FavoriteCell.m */ = {isa = PBXFileReference; fileEncoding = 4; lastKnownFileType = sourcecode.c.objc; path = FavoriteCell.m; sourceTree = "<group>"; };
		27F56B011B6EF88400589A26 /* FavoritesTableViewController.h */ = {isa = PBXFileReference; fileEncoding = 4; lastKnownFileType = sourcecode.c.h; path = FavoritesTableViewController.h; sourceTree = "<group>"; };
		27F56B021B6EF88400589A26 /* FavoritesTableViewController.m */ = {isa = PBXFileReference; fileEncoding = 4; lastKnownFileType = sourcecode.c.objc; path = FavoritesTableViewController.m; sourceTree = "<group>"; };
		62D561C790C504A173607EBC /* Pods-Project Zen.release.xcconfig */ = {isa = PBXFileReference; includeInIndex = 1; lastKnownFileType = text.xcconfig; name = "Pods-Project Zen.release.xcconfig"; path = "Pods/Target Support Files/Pods-Project Zen/Pods-Project Zen.release.xcconfig"; sourceTree = "<group>"; };
		7A8C6C22114C6EDEADD4158F /* Pods-Project Zen.debug.xcconfig */ = {isa = PBXFileReference; includeInIndex = 1; lastKnownFileType = text.xcconfig; name = "Pods-Project Zen.debug.xcconfig"; path = "Pods/Target Support Files/Pods-Project Zen/Pods-Project Zen.debug.xcconfig"; sourceTree = "<group>"; };
		96419FA4DF650C532E17369F /* Pods-Project ZenTests.release.xcconfig */ = {isa = PBXFileReference; includeInIndex = 1; lastKnownFileType = text.xcconfig; name = "Pods-Project ZenTests.release.xcconfig"; path = "Pods/Target Support Files/Pods-Project ZenTests/Pods-Project ZenTests.release.xcconfig"; sourceTree = "<group>"; };
/* End PBXFileReference section */

/* Begin PBXFrameworksBuildPhase section */
		272DA66E1B6C73A80076B7D2 /* Frameworks */ = {
			isa = PBXFrameworksBuildPhase;
			buildActionMask = 2147483647;
			files = (
			);
			runOnlyForDeploymentPostprocessing = 0;
		};
		272DA6871B6C73A90076B7D2 /* Frameworks */ = {
			isa = PBXFrameworksBuildPhase;
			buildActionMask = 2147483647;
			files = (
			);
			runOnlyForDeploymentPostprocessing = 0;
		};
/* End PBXFrameworksBuildPhase section */

/* Begin PBXGroup section */
		265E4DD2DD5C8090412706AE /* Pods */ = {
			isa = PBXGroup;
			children = (
				7A8C6C22114C6EDEADD4158F /* Pods-Project Zen.debug.xcconfig */,
				62D561C790C504A173607EBC /* Pods-Project Zen.release.xcconfig */,
				11CAD85AE3DEC5A7EEE73DD0 /* Pods-Project ZenTests.debug.xcconfig */,
				96419FA4DF650C532E17369F /* Pods-Project ZenTests.release.xcconfig */,
			);
			name = Pods;
			sourceTree = "<group>";
		};
		272DA6681B6C73A80076B7D2 = {
			isa = PBXGroup;
			children = (
				272DA6C01B6C8A180076B7D2 /* Plan */,
				272DA6731B6C73A90076B7D2 /* Project Zen */,
				272DA68D1B6C73A90076B7D2 /* Project ZenTests */,
				272DA6721B6C73A80076B7D2 /* Products */,
				265E4DD2DD5C8090412706AE /* Pods */,
			);
			sourceTree = "<group>";
		};
		272DA6721B6C73A80076B7D2 /* Products */ = {
			isa = PBXGroup;
			children = (
				272DA6711B6C73A80076B7D2 /* Project Zen.app */,
				272DA68A1B6C73A90076B7D2 /* Project ZenTests.xctest */,
			);
			name = Products;
			sourceTree = "<group>";
		};
		272DA6731B6C73A90076B7D2 /* Project Zen */ = {
			isa = PBXGroup;
			children = (
				272DA6781B6C73A90076B7D2 /* AppDelegate.h */,
				272DA6791B6C73A90076B7D2 /* AppDelegate.m */,
				272DA67B1B6C73A90076B7D2 /* ViewController.h */,
				272DA67C1B6C73A90076B7D2 /* ViewController.m */,
				27144E881B70A161000D2542 /* DateModel.h */,
				27144E891B70A161000D2542 /* DateModel.m */,
				272DA67E1B6C73A90076B7D2 /* Main.storyboard */,
				27F56AFE1B6EF54700589A26 /* FavoriteCell.h */,
				27F56AFF1B6EF54700589A26 /* FavoriteCell.m */,
				27F56B011B6EF88400589A26 /* FavoritesTableViewController.h */,
				27F56B021B6EF88400589A26 /* FavoritesTableViewController.m */,
				272DA6811B6C73A90076B7D2 /* Images.xcassets */,
				272DA6831B6C73A90076B7D2 /* LaunchScreen.xib */,
				272DA6741B6C73A90076B7D2 /* Supporting Files */,
			);
			path = "Project Zen";
			sourceTree = "<group>";
		};
		272DA6741B6C73A90076B7D2 /* Supporting Files */ = {
			isa = PBXGroup;
			children = (
				272DA6751B6C73A90076B7D2 /* Info.plist */,
				272DA6761B6C73A90076B7D2 /* main.m */,
			);
			name = "Supporting Files";
			sourceTree = "<group>";
		};
		272DA68D1B6C73A90076B7D2 /* Project ZenTests */ = {
			isa = PBXGroup;
			children = (
				272DA6901B6C73A90076B7D2 /* Project_ZenTests.m */,
				272DA68E1B6C73A90076B7D2 /* Supporting Files */,
			);
			path = "Project ZenTests";
			sourceTree = "<group>";
		};
		272DA68E1B6C73A90076B7D2 /* Supporting Files */ = {
			isa = PBXGroup;
			children = (
				272DA68F1B6C73A90076B7D2 /* Info.plist */,
			);
			name = "Supporting Files";
			sourceTree = "<group>";
		};
/* End PBXGroup section */

/* Begin PBXNativeTarget section */
		272DA6701B6C73A80076B7D2 /* Project Zen */ = {
			isa = PBXNativeTarget;
			buildConfigurationList = 272DA6941B6C73A90076B7D2 /* Build configuration list for PBXNativeTarget "Project Zen" */;
			buildPhases = (
				4FAC813403CE31A8AD0A9128 /* Check Pods Manifest.lock */,
				272DA66D1B6C73A80076B7D2 /* Sources */,
				272DA66E1B6C73A80076B7D2 /* Frameworks */,
				272DA66F1B6C73A80076B7D2 /* Resources */,
				7589E18A7756576BFAF58E56 /* Copy Pods Resources */,
			);
			buildRules = (
			);
			dependencies = (
			);
			name = "Project Zen";
			productName = "Project Zen";
			productReference = 272DA6711B6C73A80076B7D2 /* Project Zen.app */;
			productType = "com.apple.product-type.application";
		};
		272DA6891B6C73A90076B7D2 /* Project ZenTests */ = {
			isa = PBXNativeTarget;
			buildConfigurationList = 272DA6971B6C73A90076B7D2 /* Build configuration list for PBXNativeTarget "Project ZenTests" */;
			buildPhases = (
				A2CB66D165332EBFBD1978A1 /* Check Pods Manifest.lock */,
				272DA6861B6C73A90076B7D2 /* Sources */,
				272DA6871B6C73A90076B7D2 /* Frameworks */,
				272DA6881B6C73A90076B7D2 /* Resources */,
				6E5B9564BCF6C4A48B7A894C /* Copy Pods Resources */,
			);
			buildRules = (
			);
			dependencies = (
				272DA68C1B6C73A90076B7D2 /* PBXTargetDependency */,
			);
			name = "Project ZenTests";
			productName = "Project ZenTests";
			productReference = 272DA68A1B6C73A90076B7D2 /* Project ZenTests.xctest */;
			productType = "com.apple.product-type.bundle.unit-test";
		};
/* End PBXNativeTarget section */

/* Begin PBXProject section */
		272DA6691B6C73A80076B7D2 /* Project object */ = {
			isa = PBXProject;
			attributes = {
				LastUpgradeCheck = 0640;
				ORGANIZATIONNAME = Andrei;
				TargetAttributes = {
					272DA6701B6C73A80076B7D2 = {
						CreatedOnToolsVersion = 6.4;
					};
					272DA6891B6C73A90076B7D2 = {
						CreatedOnToolsVersion = 6.4;
						TestTargetID = 272DA6701B6C73A80076B7D2;
					};
				};
			};
			buildConfigurationList = 272DA66C1B6C73A80076B7D2 /* Build configuration list for PBXProject "Project Zen" */;
			compatibilityVersion = "Xcode 3.2";
			developmentRegion = English;
			hasScannedForEncodings = 0;
			knownRegions = (
				en,
				Base,
			);
			mainGroup = 272DA6681B6C73A80076B7D2;
			productRefGroup = 272DA6721B6C73A80076B7D2 /* Products */;
			projectDirPath = "";
			projectRoot = "";
			targets = (
				272DA6701B6C73A80076B7D2 /* Project Zen */,
				272DA6891B6C73A90076B7D2 /* Project ZenTests */,
			);
		};
/* End PBXProject section */

/* Begin PBXResourcesBuildPhase section */
		272DA66F1B6C73A80076B7D2 /* Resources */ = {
			isa = PBXResourcesBuildPhase;
			buildActionMask = 2147483647;
			files = (
				272DA6801B6C73A90076B7D2 /* Main.storyboard in Resources */,
				272DA6851B6C73A90076B7D2 /* LaunchScreen.xib in Resources */,
				272DA6821B6C73A90076B7D2 /* Images.xcassets in Resources */,
				272DA6C11B6C8A180076B7D2 /* Plan in Resources */,
			);
			runOnlyForDeploymentPostprocessing = 0;
		};
		272DA6881B6C73A90076B7D2 /* Resources */ = {
			isa = PBXResourcesBuildPhase;
			buildActionMask = 2147483647;
			files = (
			);
			runOnlyForDeploymentPostprocessing = 0;
		};
/* End PBXResourcesBuildPhase section */

/* Begin PBXShellScriptBuildPhase section */
		4FAC813403CE31A8AD0A9128 /* Check Pods Manifest.lock */ = {
			isa = PBXShellScriptBuildPhase;
			buildActionMask = 2147483647;
			files = (
			);
			inputPaths = (
			);
			name = "Check Pods Manifest.lock";
			outputPaths = (
			);
			runOnlyForDeploymentPostprocessing = 0;
			shellPath = /bin/sh;
			shellScript = "diff \"${PODS_ROOT}/../Podfile.lock\" \"${PODS_ROOT}/Manifest.lock\" > /dev/null\nif [[ $? != 0 ]] ; then\n    cat << EOM\nerror: The sandbox is not in sync with the Podfile.lock. Run 'pod install' or update your CocoaPods installation.\nEOM\n    exit 1\nfi\n";
			showEnvVarsInLog = 0;
		};
		6E5B9564BCF6C4A48B7A894C /* Copy Pods Resources */ = {
			isa = PBXShellScriptBuildPhase;
			buildActionMask = 2147483647;
			files = (
			);
			inputPaths = (
			);
			name = "Copy Pods Resources";
			outputPaths = (
			);
			runOnlyForDeploymentPostprocessing = 0;
			shellPath = /bin/sh;
			shellScript = "\"${SRCROOT}/Pods/Target Support Files/Pods-Project ZenTests/Pods-Project ZenTests-resources.sh\"\n";
			showEnvVarsInLog = 0;
		};
		7589E18A7756576BFAF58E56 /* Copy Pods Resources */ = {
			isa = PBXShellScriptBuildPhase;
			buildActionMask = 2147483647;
			files = (
			);
			inputPaths = (
			);
			name = "Copy Pods Resources";
			outputPaths = (
			);
			runOnlyForDeploymentPostprocessing = 0;
			shellPath = /bin/sh;
			shellScript = "\"${SRCROOT}/Pods/Target Support Files/Pods-Project Zen/Pods-Project Zen-resources.sh\"\n";
			showEnvVarsInLog = 0;
		};
		A2CB66D165332EBFBD1978A1 /* Check Pods Manifest.lock */ = {
			isa = PBXShellScriptBuildPhase;
			buildActionMask = 2147483647;
			files = (
			);
			inputPaths = (
			);
			name = "Check Pods Manifest.lock";
			outputPaths = (
			);
			runOnlyForDeploymentPostprocessing = 0;
			shellPath = /bin/sh;
			shellScript = "diff \"${PODS_ROOT}/../Podfile.lock\" \"${PODS_ROOT}/Manifest.lock\" > /dev/null\nif [[ $? != 0 ]] ; then\n    cat << EOM\nerror: The sandbox is not in sync with the Podfile.lock. Run 'pod install' or update your CocoaPods installation.\nEOM\n    exit 1\nfi\n";
			showEnvVarsInLog = 0;
		};
/* End PBXShellScriptBuildPhase section */

/* Begin PBXSourcesBuildPhase section */
		272DA66D1B6C73A80076B7D2 /* Sources */ = {
			isa = PBXSourcesBuildPhase;
			buildActionMask = 2147483647;
			files = (
				272DA67D1B6C73A90076B7D2 /* ViewController.m in Sources */,
				27F56B001B6EF54700589A26 /* FavoriteCell.m in Sources */,
				272DA67A1B6C73A90076B7D2 /* AppDelegate.m in Sources */,
				27F56B031B6EF88400589A26 /* FavoritesTableViewController.m in Sources */,
				272DA6771B6C73A90076B7D2 /* main.m in Sources */,
				27144E8A1B70A161000D2542 /* DateModel.m in Sources */,
			);
			runOnlyForDeploymentPostprocessing = 0;
		};
		272DA6861B6C73A90076B7D2 /* Sources */ = {
			isa = PBXSourcesBuildPhase;
			buildActionMask = 2147483647;
			files = (
				272DA6911B6C73A90076B7D2 /* Project_ZenTests.m in Sources */,
			);
			runOnlyForDeploymentPostprocessing = 0;
		};
/* End PBXSourcesBuildPhase section */

/* Begin PBXTargetDependency section */
		272DA68C1B6C73A90076B7D2 /* PBXTargetDependency */ = {
			isa = PBXTargetDependency;
			target = 272DA6701B6C73A80076B7D2 /* Project Zen */;
			targetProxy = 272DA68B1B6C73A90076B7D2 /* PBXContainerItemProxy */;
		};
/* End PBXTargetDependency section */

/* Begin PBXVariantGroup section */
		272DA67E1B6C73A90076B7D2 /* Main.storyboard */ = {
			isa = PBXVariantGroup;
			children = (
				272DA67F1B6C73A90076B7D2 /* Base */,
			);
			name = Main.storyboard;
			sourceTree = "<group>";
		};
		272DA6831B6C73A90076B7D2 /* LaunchScreen.xib */ = {
			isa = PBXVariantGroup;
			children = (
				272DA6841B6C73A90076B7D2 /* Base */,
			);
			name = LaunchScreen.xib;
			sourceTree = "<group>";
		};
/* End PBXVariantGroup section */

/* Begin XCBuildConfiguration section */
		272DA6921B6C73A90076B7D2 /* Debug */ = {
			isa = XCBuildConfiguration;
			buildSettings = {
				ALWAYS_SEARCH_USER_PATHS = NO;
				CLANG_CXX_LANGUAGE_STANDARD = "gnu++0x";
				CLANG_CXX_LIBRARY = "libc++";
				CLANG_ENABLE_MODULES = YES;
				CLANG_ENABLE_OBJC_ARC = YES;
				CLANG_WARN_BOOL_CONVERSION = YES;
				CLANG_WARN_CONSTANT_CONVERSION = YES;
				CLANG_WARN_DIRECT_OBJC_ISA_USAGE = YES_ERROR;
				CLANG_WARN_EMPTY_BODY = YES;
				CLANG_WARN_ENUM_CONVERSION = YES;
				CLANG_WARN_INT_CONVERSION = YES;
				CLANG_WARN_OBJC_ROOT_CLASS = YES_ERROR;
				CLANG_WARN_UNREACHABLE_CODE = YES;
				CLANG_WARN__DUPLICATE_METHOD_MATCH = YES;
				CODE_SIGN_IDENTITY = "iPhone Developer: Andrei Lyskov (B4237FWU32)";
				"CODE_SIGN_IDENTITY[sdk=iphoneos*]" = "iPhone Developer";
				COPY_PHASE_STRIP = NO;
				DEBUG_INFORMATION_FORMAT = "dwarf-with-dsym";
				ENABLE_STRICT_OBJC_MSGSEND = YES;
				GCC_C_LANGUAGE_STANDARD = gnu99;
				GCC_DYNAMIC_NO_PIC = NO;
				GCC_NO_COMMON_BLOCKS = YES;
				GCC_OPTIMIZATION_LEVEL = 0;
				GCC_PREPROCESSOR_DEFINITIONS = (
					"DEBUG=1",
					"$(inherited)",
				);
				GCC_SYMBOLS_PRIVATE_EXTERN = NO;
				GCC_WARN_64_TO_32_BIT_CONVERSION = YES;
				GCC_WARN_ABOUT_RETURN_TYPE = YES_ERROR;
				GCC_WARN_UNDECLARED_SELECTOR = YES;
				GCC_WARN_UNINITIALIZED_AUTOS = YES_AGGRESSIVE;
				GCC_WARN_UNUSED_FUNCTION = YES;
				GCC_WARN_UNUSED_VARIABLE = YES;
				IPHONEOS_DEPLOYMENT_TARGET = 8.4;
				MTL_ENABLE_DEBUG_INFO = YES;
				ONLY_ACTIVE_ARCH = YES;
				SDKROOT = iphoneos;
			};
			name = Debug;
		};
		272DA6931B6C73A90076B7D2 /* Release */ = {
			isa = XCBuildConfiguration;
			buildSettings = {
				ALWAYS_SEARCH_USER_PATHS = NO;
				CLANG_CXX_LANGUAGE_STANDARD = "gnu++0x";
				CLANG_CXX_LIBRARY = "libc++";
				CLANG_ENABLE_MODULES = YES;
				CLANG_ENABLE_OBJC_ARC = YES;
				CLANG_WARN_BOOL_CONVERSION = YES;
				CLANG_WARN_CONSTANT_CONVERSION = YES;
				CLANG_WARN_DIRECT_OBJC_ISA_USAGE = YES_ERROR;
				CLANG_WARN_EMPTY_BODY = YES;
				CLANG_WARN_ENUM_CONVERSION = YES;
				CLANG_WARN_INT_CONVERSION = YES;
				CLANG_WARN_OBJC_ROOT_CLASS = YES_ERROR;
				CLANG_WARN_UNREACHABLE_CODE = YES;
				CLANG_WARN__DUPLICATE_METHOD_MATCH = YES;
				CODE_SIGN_IDENTITY = "iPhone Developer: Andrei Lyskov (B4237FWU32)";
				"CODE_SIGN_IDENTITY[sdk=iphoneos*]" = "iPhone Developer";
				COPY_PHASE_STRIP = NO;
				DEBUG_INFORMATION_FORMAT = "dwarf-with-dsym";
				ENABLE_NS_ASSERTIONS = NO;
				ENABLE_STRICT_OBJC_MSGSEND = YES;
				GCC_C_LANGUAGE_STANDARD = gnu99;
				GCC_NO_COMMON_BLOCKS = YES;
				GCC_WARN_64_TO_32_BIT_CONVERSION = YES;
				GCC_WARN_ABOUT_RETURN_TYPE = YES_ERROR;
				GCC_WARN_UNDECLARED_SELECTOR = YES;
				GCC_WARN_UNINITIALIZED_AUTOS = YES_AGGRESSIVE;
				GCC_WARN_UNUSED_FUNCTION = YES;
				GCC_WARN_UNUSED_VARIABLE = YES;
				IPHONEOS_DEPLOYMENT_TARGET = 8.4;
				MTL_ENABLE_DEBUG_INFO = NO;
				SDKROOT = iphoneos;
				VALIDATE_PRODUCT = YES;
			};
			name = Release;
		};
		272DA6951B6C73A90076B7D2 /* Debug */ = {
			isa = XCBuildConfiguration;
			baseConfigurationReference = 7A8C6C22114C6EDEADD4158F /* Pods-Project Zen.debug.xcconfig */;
			buildSettings = {
				ASSETCATALOG_COMPILER_APPICON_NAME = AppIcon;
				CODE_SIGN_IDENTITY = "iPhone Developer: Andrei Lyskov (B4237FWU32)";
				FRAMEWORK_SEARCH_PATHS = (
					"$(inherited)",
					"$(PROJECT_DIR)",
				);
				INFOPLIST_FILE = "Project Zen/Info.plist";
				LD_RUNPATH_SEARCH_PATHS = "$(inherited) @executable_path/Frameworks";
				PRODUCT_NAME = "$(TARGET_NAME)";
			};
			name = Debug;
		};
		272DA6961B6C73A90076B7D2 /* Release */ = {
			isa = XCBuildConfiguration;
			baseConfigurationReference = 62D561C790C504A173607EBC /* Pods-Project Zen.release.xcconfig */;
			buildSettings = {
				ASSETCATALOG_COMPILER_APPICON_NAME = AppIcon;
				CODE_SIGN_IDENTITY = "iPhone Developer: Andrei Lyskov (B4237FWU32)";
				FRAMEWORK_SEARCH_PATHS = (
					"$(inherited)",
					"$(PROJECT_DIR)",
				);
				INFOPLIST_FILE = "Project Zen/Info.plist";
				LD_RUNPATH_SEARCH_PATHS = "$(inherited) @executable_path/Frameworks";
				PRODUCT_NAME = "$(TARGET_NAME)";
			};
			name = Release;
		};
		272DA6981B6C73A90076B7D2 /* Debug */ = {
			isa = XCBuildConfiguration;
			baseConfigurationReference = 11CAD85AE3DEC5A7EEE73DD0 /* Pods-Project ZenTests.debug.xcconfig */;
			buildSettings = {
				BUNDLE_LOADER = "$(TEST_HOST)";
				FRAMEWORK_SEARCH_PATHS = (
					"$(SDKROOT)/Developer/Library/Frameworks",
					"$(inherited)",
				);
				GCC_PREPROCESSOR_DEFINITIONS = (
					"DEBUG=1",
					"$(inherited)",
				);
				INFOPLIST_FILE = "Project ZenTests/Info.plist";
				LD_RUNPATH_SEARCH_PATHS = "$(inherited) @executable_path/Frameworks @loader_path/Frameworks";
				PRODUCT_NAME = "$(TARGET_NAME)";
				TEST_HOST = "$(BUILT_PRODUCTS_DIR)/Project Zen.app/Project Zen";
			};
			name = Debug;
		};
		272DA6991B6C73A90076B7D2 /* Release */ = {
			isa = XCBuildConfiguration;
			baseConfigurationReference = 96419FA4DF650C532E17369F /* Pods-Project ZenTests.release.xcconfig */;
			buildSettings = {
				BUNDLE_LOADER = "$(TEST_HOST)";
				FRAMEWORK_SEARCH_PATHS = (
					"$(SDKROOT)/Developer/Library/Frameworks",
					"$(inherited)",
				);
				INFOPLIST_FILE = "Project ZenTests/Info.plist";
				LD_RUNPATH_SEARCH_PATHS = "$(inherited) @executable_path/Frameworks @loader_path/Frameworks";
				PRODUCT_NAME = "$(TARGET_NAME)";
				TEST_HOST = "$(BUILT_PRODUCTS_DIR)/Project Zen.app/Project Zen";
			};
			name = Release;
		};
/* End XCBuildConfiguration section */

/* Begin XCConfigurationList section */
		272DA66C1B6C73A80076B7D2 /* Build configuration list for PBXProject "Project Zen" */ = {
			isa = XCConfigurationList;
			buildConfigurations = (
				272DA6921B6C73A90076B7D2 /* Debug */,
				272DA6931B6C73A90076B7D2 /* Release */,
			);
			defaultConfigurationIsVisible = 0;
			defaultConfigurationName = Release;
		};
		272DA6941B6C73A90076B7D2 /* Build configuration list for PBXNativeTarget "Project Zen" */ = {
			isa = XCConfigurationList;
			buildConfigurations = (
				272DA6951B6C73A90076B7D2 /* Debug */,
				272DA6961B6C73A90076B7D2 /* Release */,
			);
			defaultConfigurationIsVisible = 0;
			defaultConfigurationName = Release;
		};
		272DA6971B6C73A90076B7D2 /* Build configuration list for PBXNativeTarget "Project ZenTests" */ = {
			isa = XCConfigurationList;
			buildConfigurations = (
				272DA6981B6C73A90076B7D2 /* Debug */,
				272DA6991B6C73A90076B7D2 /* Release */,
			);
			defaultConfigurationIsVisible = 0;
			defaultConfigurationName = Release;
		};
/* End XCConfigurationList section */
	};
	rootObject = 272DA6691B6C73A80076B7D2 /* Project object */;
}
